// !$*UTF8*$!
{
	archiveVersion = 1;
	classes = {
	};
	objectVersion = 55;
	objects = {

/* Begin PBXBuildFile section */
		0038D4F876A38F903DEFAA04 /* Pods_StickyStretchView.framework in Frameworks */ = {isa = PBXBuildFile; fileRef = 936C769D272CDADBC3A583CE /* Pods_StickyStretchView.framework */; };
		E837E6D9281A92A900A3977E /* StretchUICollectionViewFlowLayout.swift in Sources */ = {isa = PBXBuildFile; fileRef = E837E6D8281A92A900A3977E /* StretchUICollectionViewFlowLayout.swift */; };
		E837E6DB281A92C500A3977E /* CollectionViewCell.swift in Sources */ = {isa = PBXBuildFile; fileRef = E837E6DA281A92C500A3977E /* CollectionViewCell.swift */; };
		E837E6DD281A92E500A3977E /* CollectionReusableView.swift in Sources */ = {isa = PBXBuildFile; fileRef = E837E6DC281A92E500A3977E /* CollectionReusableView.swift */; };
		E86BFAA7282A46AF0075376D /* ImageCollectionView.swift in Sources */ = {isa = PBXBuildFile; fileRef = E86BFAA6282A46AF0075376D /* ImageCollectionView.swift */; };
		E86BFAA9282A46D00075376D /* ImageCell.swift in Sources */ = {isa = PBXBuildFile; fileRef = E86BFAA8282A46D00075376D /* ImageCell.swift */; };
		E86BFAAB282A4DF00075376D /* DummyCell.swift in Sources */ = {isa = PBXBuildFile; fileRef = E86BFAAA282A4DF00075376D /* DummyCell.swift */; };
		E8CF967B281A4C6000CFA9B9 /* AppDelegate.swift in Sources */ = {isa = PBXBuildFile; fileRef = E8CF967A281A4C6000CFA9B9 /* AppDelegate.swift */; };
		E8CF967D281A4C6000CFA9B9 /* SceneDelegate.swift in Sources */ = {isa = PBXBuildFile; fileRef = E8CF967C281A4C6000CFA9B9 /* SceneDelegate.swift */; };
		E8CF967F281A4C6000CFA9B9 /* ViewController.swift in Sources */ = {isa = PBXBuildFile; fileRef = E8CF967E281A4C6000CFA9B9 /* ViewController.swift */; };
		E8CF9682281A4C6000CFA9B9 /* Main.storyboard in Resources */ = {isa = PBXBuildFile; fileRef = E8CF9680281A4C6000CFA9B9 /* Main.storyboard */; };
		E8CF9684281A4C6100CFA9B9 /* Assets.xcassets in Resources */ = {isa = PBXBuildFile; fileRef = E8CF9683281A4C6100CFA9B9 /* Assets.xcassets */; };
		E8CF9687281A4C6100CFA9B9 /* LaunchScreen.storyboard in Resources */ = {isa = PBXBuildFile; fileRef = E8CF9685281A4C6100CFA9B9 /* LaunchScreen.storyboard */; };
/* End PBXBuildFile section */

/* Begin PBXFileReference section */
		1520BADA98D0367776BF3317 /* Pods-StickyStretchView.release.xcconfig */ = {isa = PBXFileReference; includeInIndex = 1; lastKnownFileType = text.xcconfig; name = "Pods-StickyStretchView.release.xcconfig"; path = "Target Support Files/Pods-StickyStretchView/Pods-StickyStretchView.release.xcconfig"; sourceTree = "<group>"; };
		1E15CC87E160D4BCACDD5825 /* Pods-StickyStretchView.debug.xcconfig */ = {isa = PBXFileReference; includeInIndex = 1; lastKnownFileType = text.xcconfig; name = "Pods-StickyStretchView.debug.xcconfig"; path = "Target Support Files/Pods-StickyStretchView/Pods-StickyStretchView.debug.xcconfig"; sourceTree = "<group>"; };
		936C769D272CDADBC3A583CE /* Pods_StickyStretchView.framework */ = {isa = PBXFileReference; explicitFileType = wrapper.framework; includeInIndex = 0; path = Pods_StickyStretchView.framework; sourceTree = BUILT_PRODUCTS_DIR; };
		E837E6D8281A92A900A3977E /* StretchUICollectionViewFlowLayout.swift */ = {isa = PBXFileReference; lastKnownFileType = sourcecode.swift; path = StretchUICollectionViewFlowLayout.swift; sourceTree = "<group>"; };
		E837E6DA281A92C500A3977E /* CollectionViewCell.swift */ = {isa = PBXFileReference; lastKnownFileType = sourcecode.swift; path = CollectionViewCell.swift; sourceTree = "<group>"; };
		E837E6DC281A92E500A3977E /* CollectionReusableView.swift */ = {isa = PBXFileReference; lastKnownFileType = sourcecode.swift; path = CollectionReusableView.swift; sourceTree = "<group>"; };
		E86BFAA6282A46AF0075376D /* ImageCollectionView.swift */ = {isa = PBXFileReference; lastKnownFileType = sourcecode.swift; path = ImageCollectionView.swift; sourceTree = "<group>"; };
		E86BFAA8282A46D00075376D /* ImageCell.swift */ = {isa = PBXFileReference; lastKnownFileType = sourcecode.swift; path = ImageCell.swift; sourceTree = "<group>"; };
		E86BFAAA282A4DF00075376D /* DummyCell.swift */ = {isa = PBXFileReference; lastKnownFileType = sourcecode.swift; path = DummyCell.swift; sourceTree = "<group>"; };
		E8CF9677281A4C6000CFA9B9 /* StickyStretchView.app */ = {isa = PBXFileReference; explicitFileType = wrapper.application; includeInIndex = 0; path = StickyStretchView.app; sourceTree = BUILT_PRODUCTS_DIR; };
		E8CF967A281A4C6000CFA9B9 /* AppDelegate.swift */ = {isa = PBXFileReference; lastKnownFileType = sourcecode.swift; path = AppDelegate.swift; sourceTree = "<group>"; };
		E8CF967C281A4C6000CFA9B9 /* SceneDelegate.swift */ = {isa = PBXFileReference; lastKnownFileType = sourcecode.swift; path = SceneDelegate.swift; sourceTree = "<group>"; };
		E8CF967E281A4C6000CFA9B9 /* ViewController.swift */ = {isa = PBXFileReference; lastKnownFileType = sourcecode.swift; path = ViewController.swift; sourceTree = "<group>"; };
		E8CF9681281A4C6000CFA9B9 /* Base */ = {isa = PBXFileReference; lastKnownFileType = file.storyboard; name = Base; path = Base.lproj/Main.storyboard; sourceTree = "<group>"; };
		E8CF9683281A4C6100CFA9B9 /* Assets.xcassets */ = {isa = PBXFileReference; lastKnownFileType = folder.assetcatalog; path = Assets.xcassets; sourceTree = "<group>"; };
		E8CF9686281A4C6100CFA9B9 /* Base */ = {isa = PBXFileReference; lastKnownFileType = file.storyboard; name = Base; path = Base.lproj/LaunchScreen.storyboard; sourceTree = "<group>"; };
		E8CF9688281A4C6100CFA9B9 /* Info.plist */ = {isa = PBXFileReference; lastKnownFileType = text.plist.xml; path = Info.plist; sourceTree = "<group>"; };
/* End PBXFileReference section */

/* Begin PBXFrameworksBuildPhase section */
		E8CF9674281A4C6000CFA9B9 /* Frameworks */ = {
			isa = PBXFrameworksBuildPhase;
			buildActionMask = 2147483647;
			files = (
				0038D4F876A38F903DEFAA04 /* Pods_StickyStretchView.framework in Frameworks */,
			);
			runOnlyForDeploymentPostprocessing = 0;
		};
/* End PBXFrameworksBuildPhase section */

/* Begin PBXGroup section */
		30BA2FF09B8C62F14FD7CAE0 /* Frameworks */ = {
			isa = PBXGroup;
			children = (
				936C769D272CDADBC3A583CE /* Pods_StickyStretchView.framework */,
			);
			name = Frameworks;
			sourceTree = "<group>";
		};
		E8CF966E281A4C6000CFA9B9 = {
			isa = PBXGroup;
			children = (
				E8CF9679281A4C6000CFA9B9 /* StickyStretchView */,
				E8CF9678281A4C6000CFA9B9 /* Products */,
				F61E0C832791418BC98E20C3 /* Pods */,
				30BA2FF09B8C62F14FD7CAE0 /* Frameworks */,
			);
			sourceTree = "<group>";
		};
		E8CF9678281A4C6000CFA9B9 /* Products */ = {
			isa = PBXGroup;
			children = (
				E8CF9677281A4C6000CFA9B9 /* StickyStretchView.app */,
			);
			name = Products;
			sourceTree = "<group>";
		};
		E8CF9679281A4C6000CFA9B9 /* StickyStretchView */ = {
			isa = PBXGroup;
			children = (
				E8CF968E281A4D4A00CFA9B9 /* AppDelegate */,
				E8CF9680281A4C6000CFA9B9 /* Main.storyboard */,
				E8CF9683281A4C6100CFA9B9 /* Assets.xcassets */,
				E8CF9685281A4C6100CFA9B9 /* LaunchScreen.storyboard */,
				E8CF9688281A4C6100CFA9B9 /* Info.plist */,
				E8CF967E281A4C6000CFA9B9 /* ViewController.swift */,
				E837E6D8281A92A900A3977E /* StretchUICollectionViewFlowLayout.swift */,
				E837E6DA281A92C500A3977E /* CollectionViewCell.swift */,
				E837E6DC281A92E500A3977E /* CollectionReusableView.swift */,
				E86BFAA6282A46AF0075376D /* ImageCollectionView.swift */,
				E86BFAA8282A46D00075376D /* ImageCell.swift */,
				E86BFAAA282A4DF00075376D /* DummyCell.swift */,
			);
			path = StickyStretchView;
			sourceTree = "<group>";
		};
		E8CF968E281A4D4A00CFA9B9 /* AppDelegate */ = {
			isa = PBXGroup;
			children = (
				E8CF967A281A4C6000CFA9B9 /* AppDelegate.swift */,
				E8CF967C281A4C6000CFA9B9 /* SceneDelegate.swift */,
			);
			path = AppDelegate;
			sourceTree = "<group>";
		};
		F61E0C832791418BC98E20C3 /* Pods */ = {
			isa = PBXGroup;
			children = (
				1E15CC87E160D4BCACDD5825 /* Pods-StickyStretchView.debug.xcconfig */,
				1520BADA98D0367776BF3317 /* Pods-StickyStretchView.release.xcconfig */,
			);
			path = Pods;
			sourceTree = "<group>";
		};
/* End PBXGroup section */

/* Begin PBXNativeTarget section */
		E8CF9676281A4C6000CFA9B9 /* StickyStretchView */ = {
			isa = PBXNativeTarget;
			buildConfigurationList = E8CF968B281A4C6100CFA9B9 /* Build configuration list for PBXNativeTarget "StickyStretchView" */;
			buildPhases = (
				8809DFA4A8287346B21D84AC /* [CP] Check Pods Manifest.lock */,
				E8CF9673281A4C6000CFA9B9 /* Sources */,
				E8CF9674281A4C6000CFA9B9 /* Frameworks */,
				E8CF9675281A4C6000CFA9B9 /* Resources */,
				3871D8AE96C88F4EC9F516F8 /* [CP] Embed Pods Frameworks */,
			);
			buildRules = (
			);
			dependencies = (
			);
			name = StickyStretchView;
			productName = StickyStretchView;
			productReference = E8CF9677281A4C6000CFA9B9 /* StickyStretchView.app */;
			productType = "com.apple.product-type.application";
		};
/* End PBXNativeTarget section */

/* Begin PBXProject section */
		E8CF966F281A4C6000CFA9B9 /* Project object */ = {
			isa = PBXProject;
			attributes = {
				BuildIndependentTargetsInParallel = 1;
				LastSwiftUpdateCheck = 1330;
				LastUpgradeCheck = 1330;
				TargetAttributes = {
					E8CF9676281A4C6000CFA9B9 = {
						CreatedOnToolsVersion = 13.3.1;
					};
				};
			};
			buildConfigurationList = E8CF9672281A4C6000CFA9B9 /* Build configuration list for PBXProject "StickyStretchView" */;
			compatibilityVersion = "Xcode 13.0";
			developmentRegion = en;
			hasScannedForEncodings = 0;
			knownRegions = (
				en,
				Base,
			);
			mainGroup = E8CF966E281A4C6000CFA9B9;
			productRefGroup = E8CF9678281A4C6000CFA9B9 /* Products */;
			projectDirPath = "";
			projectRoot = "";
			targets = (
				E8CF9676281A4C6000CFA9B9 /* StickyStretchView */,
			);
		};
/* End PBXProject section */

/* Begin PBXResourcesBuildPhase section */
		E8CF9675281A4C6000CFA9B9 /* Resources */ = {
			isa = PBXResourcesBuildPhase;
			buildActionMask = 2147483647;
			files = (
				E8CF9687281A4C6100CFA9B9 /* LaunchScreen.storyboard in Resources */,
				E8CF9684281A4C6100CFA9B9 /* Assets.xcassets in Resources */,
				E8CF9682281A4C6000CFA9B9 /* Main.storyboard in Resources */,
			);
			runOnlyForDeploymentPostprocessing = 0;
		};
/* End PBXResourcesBuildPhase section */

/* Begin PBXShellScriptBuildPhase section */
		3871D8AE96C88F4EC9F516F8 /* [CP] Embed Pods Frameworks */ = {
			isa = PBXShellScriptBuildPhase;
			buildActionMask = 2147483647;
			files = (
			);
			inputFileListPaths = (
				"${PODS_ROOT}/Target Support Files/Pods-StickyStretchView/Pods-StickyStretchView-frameworks-${CONFIGURATION}-input-files.xcfilelist",
			);
			name = "[CP] Embed Pods Frameworks";
			outputFileListPaths = (
				"${PODS_ROOT}/Target Support Files/Pods-StickyStretchView/Pods-StickyStretchView-frameworks-${CONFIGURATION}-output-files.xcfilelist",
			);
			runOnlyForDeploymentPostprocessing = 0;
			shellPath = /bin/sh;
			shellScript = "\"${PODS_ROOT}/Target Support Files/Pods-StickyStretchView/Pods-StickyStretchView-frameworks.sh\"\n";
			showEnvVarsInLog = 0;
		};
		8809DFA4A8287346B21D84AC /* [CP] Check Pods Manifest.lock */ = {
			isa = PBXShellScriptBuildPhase;
			buildActionMask = 2147483647;
			files = (
			);
			inputFileListPaths = (
			);
			inputPaths = (
				"${PODS_PODFILE_DIR_PATH}/Podfile.lock",
				"${PODS_ROOT}/Manifest.lock",
			);
			name = "[CP] Check Pods Manifest.lock";
			outputFileListPaths = (
			);
			outputPaths = (
				"$(DERIVED_FILE_DIR)/Pods-StickyStretchView-checkManifestLockResult.txt",
			);
			runOnlyForDeploymentPostprocessing = 0;
			shellPath = /bin/sh;
			shellScript = "diff \"${PODS_PODFILE_DIR_PATH}/Podfile.lock\" \"${PODS_ROOT}/Manifest.lock\" > /dev/null\nif [ $? != 0 ] ; then\n    # print error to STDERR\n    echo \"error: The sandbox is not in sync with the Podfile.lock. Run 'pod install' or update your CocoaPods installation.\" >&2\n    exit 1\nfi\n# This output is used by Xcode 'outputs' to avoid re-running this script phase.\necho \"SUCCESS\" > \"${SCRIPT_OUTPUT_FILE_0}\"\n";
			showEnvVarsInLog = 0;
		};
/* End PBXShellScriptBuildPhase section */

/* Begin PBXSourcesBuildPhase section */
		E8CF9673281A4C6000CFA9B9 /* Sources */ = {
			isa = PBXSourcesBuildPhase;
			buildActionMask = 2147483647;
			files = (
				E837E6DB281A92C500A3977E /* CollectionViewCell.swift in Sources */,
				E8CF967F281A4C6000CFA9B9 /* ViewController.swift in Sources */,
				E86BFAAB282A4DF00075376D /* DummyCell.swift in Sources */,
				E86BFAA7282A46AF0075376D /* ImageCollectionView.swift in Sources */,
				E8CF967B281A4C6000CFA9B9 /* AppDelegate.swift in Sources */,
				E837E6DD281A92E500A3977E /* CollectionReusableView.swift in Sources */,
				E86BFAA9282A46D00075376D /* ImageCell.swift in Sources */,
				E837E6D9281A92A900A3977E /* StretchUICollectionViewFlowLayout.swift in Sources */,
				E8CF967D281A4C6000CFA9B9 /* SceneDelegate.swift in Sources */,
			);
			runOnlyForDeploymentPostprocessing = 0;
		};
/* End PBXSourcesBuildPhase section */

/* Begin PBXVariantGroup section */
		E8CF9680281A4C6000CFA9B9 /* Main.storyboard */ = {
			isa = PBXVariantGroup;
			children = (
				E8CF9681281A4C6000CFA9B9 /* Base */,
			);
			name = Main.storyboard;
			sourceTree = "<group>";
		};
		E8CF9685281A4C6100CFA9B9 /* LaunchScreen.storyboard */ = {
			isa = PBXVariantGroup;
			children = (
				E8CF9686281A4C6100CFA9B9 /* Base */,
			);
			name = LaunchScreen.storyboard;
			sourceTree = "<group>";
		};
/* End PBXVariantGroup section */

/* Begin XCBuildConfiguration section */
		E8CF9689281A4C6100CFA9B9 /* Debug */ = {
			isa = XCBuildConfiguration;
			buildSettings = {
				ALWAYS_SEARCH_USER_PATHS = NO;
				CLANG_ANALYZER_NONNULL = YES;
				CLANG_ANALYZER_NUMBER_OBJECT_CONVERSION = YES_AGGRESSIVE;
				CLANG_CXX_LANGUAGE_STANDARD = "gnu++17";
				CLANG_ENABLE_MODULES = YES;
				CLANG_ENABLE_OBJC_ARC = YES;
				CLANG_ENABLE_OBJC_WEAK = YES;
				CLANG_WARN_BLOCK_CAPTURE_AUTORELEASING = YES;
				CLANG_WARN_BOOL_CONVERSION = YES;
				CLANG_WARN_COMMA = YES;
				CLANG_WARN_CONSTANT_CONVERSION = YES;
				CLANG_WARN_DEPRECATED_OBJC_IMPLEMENTATIONS = YES;
				CLANG_WARN_DIRECT_OBJC_ISA_USAGE = YES_ERROR;
				CLANG_WARN_DOCUMENTATION_COMMENTS = YES;
				CLANG_WARN_EMPTY_BODY = YES;
				CLANG_WARN_ENUM_CONVERSION = YES;
				CLANG_WARN_INFINITE_RECURSION = YES;
				CLANG_WARN_INT_CONVERSION = YES;
				CLANG_WARN_NON_LITERAL_NULL_CONVERSION = YES;
				CLANG_WARN_OBJC_IMPLICIT_RETAIN_SELF = YES;
				CLANG_WARN_OBJC_LITERAL_CONVERSION = YES;
				CLANG_WARN_OBJC_ROOT_CLASS = YES_ERROR;
				CLANG_WARN_QUOTED_INCLUDE_IN_FRAMEWORK_HEADER = YES;
				CLANG_WARN_RANGE_LOOP_ANALYSIS = YES;
				CLANG_WARN_STRICT_PROTOTYPES = YES;
				CLANG_WARN_SUSPICIOUS_MOVE = YES;
				CLANG_WARN_UNGUARDED_AVAILABILITY = YES_AGGRESSIVE;
				CLANG_WARN_UNREACHABLE_CODE = YES;
				CLANG_WARN__DUPLICATE_METHOD_MATCH = YES;
				COPY_PHASE_STRIP = NO;
				DEBUG_INFORMATION_FORMAT = dwarf;
				ENABLE_STRICT_OBJC_MSGSEND = YES;
				ENABLE_TESTABILITY = YES;
				GCC_C_LANGUAGE_STANDARD = gnu11;
				GCC_DYNAMIC_NO_PIC = NO;
				GCC_NO_COMMON_BLOCKS = YES;
				GCC_OPTIMIZATION_LEVEL = 0;
				GCC_PREPROCESSOR_DEFINITIONS = (
					"DEBUG=1",
					"$(inherited)",
				);
				GCC_WARN_64_TO_32_BIT_CONVERSION = YES;
				GCC_WARN_ABOUT_RETURN_TYPE = YES_ERROR;
				GCC_WARN_UNDECLARED_SELECTOR = YES;
				GCC_WARN_UNINITIALIZED_AUTOS = YES_AGGRESSIVE;
				GCC_WARN_UNUSED_FUNCTION = YES;
				GCC_WARN_UNUSED_VARIABLE = YES;
				IPHONEOS_DEPLOYMENT_TARGET = 15.4;
				MTL_ENABLE_DEBUG_INFO = INCLUDE_SOURCE;
				MTL_FAST_MATH = YES;
				ONLY_ACTIVE_ARCH = YES;
				SDKROOT = iphoneos;
				SWIFT_ACTIVE_COMPILATION_CONDITIONS = DEBUG;
				SWIFT_OPTIMIZATION_LEVEL = "-Onone";
			};
			name = Debug;
		};
		E8CF968A281A4C6100CFA9B9 /* Release */ = {
			isa = XCBuildConfiguration;
			buildSettings = {
				ALWAYS_SEARCH_USER_PATHS = NO;
				CLANG_ANALYZER_NONNULL = YES;
				CLANG_ANALYZER_NUMBER_OBJECT_CONVERSION = YES_AGGRESSIVE;
				CLANG_CXX_LANGUAGE_STANDARD = "gnu++17";
				CLANG_ENABLE_MODULES = YES;
				CLANG_ENABLE_OBJC_ARC = YES;
				CLANG_ENABLE_OBJC_WEAK = YES;
				CLANG_WARN_BLOCK_CAPTURE_AUTORELEASING = YES;
				CLANG_WARN_BOOL_CONVERSION = YES;
				CLANG_WARN_COMMA = YES;
				CLANG_WARN_CONSTANT_CONVERSION = YES;
				CLANG_WARN_DEPRECATED_OBJC_IMPLEMENTATIONS = YES;
				CLANG_WARN_DIRECT_OBJC_ISA_USAGE = YES_ERROR;
				CLANG_WARN_DOCUMENTATION_COMMENTS = YES;
				CLANG_WARN_EMPTY_BODY = YES;
				CLANG_WARN_ENUM_CONVERSION = YES;
				CLANG_WARN_INFINITE_RECURSION = YES;
				CLANG_WARN_INT_CONVERSION = YES;
				CLANG_WARN_NON_LITERAL_NULL_CONVERSION = YES;
				CLANG_WARN_OBJC_IMPLICIT_RETAIN_SELF = YES;
				CLANG_WARN_OBJC_LITERAL_CONVERSION = YES;
				CLANG_WARN_OBJC_ROOT_CLASS = YES_ERROR;
				CLANG_WARN_QUOTED_INCLUDE_IN_FRAMEWORK_HEADER = YES;
				CLANG_WARN_RANGE_LOOP_ANALYSIS = YES;
				CLANG_WARN_STRICT_PROTOTYPES = YES;
				CLANG_WARN_SUSPICIOUS_MOVE = YES;
				CLANG_WARN_UNGUARDED_AVAILABILITY = YES_AGGRESSIVE;
				CLANG_WARN_UNREACHABLE_CODE = YES;
				CLANG_WARN__DUPLICATE_METHOD_MATCH = YES;
				COPY_PHASE_STRIP = NO;
				DEBUG_INFORMATION_FORMAT = "dwarf-with-dsym";
				ENABLE_NS_ASSERTIONS = NO;
				ENABLE_STRICT_OBJC_MSGSEND = YES;
				GCC_C_LANGUAGE_STANDARD = gnu11;
				GCC_NO_COMMON_BLOCKS = YES;
				GCC_WARN_64_TO_32_BIT_CONVERSION = YES;
				GCC_WARN_ABOUT_RETURN_TYPE = YES_ERROR;
				GCC_WARN_UNDECLARED_SELECTOR = YES;
				GCC_WARN_UNINITIALIZED_AUTOS = YES_AGGRESSIVE;
				GCC_WARN_UNUSED_FUNCTION = YES;
				GCC_WARN_UNUSED_VARIABLE = YES;
				IPHONEOS_DEPLOYMENT_TARGET = 15.4;
				MTL_ENABLE_DEBUG_INFO = NO;
				MTL_FAST_MATH = YES;
				SDKROOT = iphoneos;
				SWIFT_COMPILATION_MODE = wholemodule;
				SWIFT_OPTIMIZATION_LEVEL = "-O";
				VALIDATE_PRODUCT = YES;
			};
			name = Release;
		};
		E8CF968C281A4C6100CFA9B9 /* Debug */ = {
			isa = XCBuildConfiguration;
			baseConfigurationReference = 1E15CC87E160D4BCACDD5825 /* Pods-StickyStretchView.debug.xcconfig */;
			buildSettings = {
				ASSETCATALOG_COMPILER_APPICON_NAME = AppIcon;
				ASSETCATALOG_COMPILER_GLOBAL_ACCENT_COLOR_NAME = AccentColor;
				CODE_SIGN_STYLE = Automatic;
				CURRENT_PROJECT_VERSION = 1;
				DEVELOPMENT_TEAM = GP9D94CZ57;
				GENERATE_INFOPLIST_FILE = YES;
				INFOPLIST_FILE = StickyStretchView/Info.plist;
				INFOPLIST_KEY_UIApplicationSupportsIndirectInputEvents = YES;
				INFOPLIST_KEY_UILaunchStoryboardName = LaunchScreen;
				INFOPLIST_KEY_UIMainStoryboardFile = Main;
				INFOPLIST_KEY_UISupportedInterfaceOrientations_iPad = "UIInterfaceOrientationPortrait UIInterfaceOrientationPortraitUpsideDown UIInterfaceOrientationLandscapeLeft UIInterfaceOrientationLandscapeRight";
				INFOPLIST_KEY_UISupportedInterfaceOrientations_iPhone = "UIInterfaceOrientationPortrait UIInterfaceOrientationLandscapeLeft UIInterfaceOrientationLandscapeRight";
				LD_RUNPATH_SEARCH_PATHS = (
					"$(inherited)",
					"@executable_path/Frameworks",
				);
				MARKETING_VERSION = 1.0;
				PRODUCT_BUNDLE_IDENTIFIER = com.yeoboya.StickyStretchView;
				PRODUCT_NAME = "$(TARGET_NAME)";
				SWIFT_EMIT_LOC_STRINGS = YES;
				SWIFT_VERSION = 5.0;
				TARGETED_DEVICE_FAMILY = "1,2";
			};
			name = Debug;
		};
		E8CF968D281A4C6100CFA9B9 /* Release */ = {
			isa = XCBuildConfiguration;
			baseConfigurationReference = 1520BADA98D0367776BF3317 /* Pods-StickyStretchView.release.xcconfig */;
			buildSettings = {
				ASSETCATALOG_COMPILER_APPICON_NAME = AppIcon;
				ASSETCATALOG_COMPILER_GLOBAL_ACCENT_COLOR_NAME = AccentColor;
				CODE_SIGN_STYLE = Automatic;
				CURRENT_PROJECT_VERSION = 1;
				DEVELOPMENT_TEAM = GP9D94CZ57;
				GENERATE_INFOPLIST_FILE = YES;
				INFOPLIST_FILE = StickyStretchView/Info.plist;
				INFOPLIST_KEY_UIApplicationSupportsIndirectInputEvents = YES;
				INFOPLIST_KEY_UILaunchStoryboardName = LaunchScreen;
				INFOPLIST_KEY_UIMainStoryboardFile = Main;
				INFOPLIST_KEY_UISupportedInterfaceOrientations_iPad = "UIInterfaceOrientationPortrait UIInterfaceOrientationPortraitUpsideDown UIInterfaceOrientationLandscapeLeft UIInterfaceOrientationLandscapeRight";
				INFOPLIST_KEY_UISupportedInterfaceOrientations_iPhone = "UIInterfaceOrientationPortrait UIInterfaceOrientationLandscapeLeft UIInterfaceOrientationLandscapeRight";
				LD_RUNPATH_SEARCH_PATHS = (
					"$(inherited)",
					"@executable_path/Frameworks",
				);
				MARKETING_VERSION = 1.0;
				PRODUCT_BUNDLE_IDENTIFIER = com.yeoboya.StickyStretchView;
				PRODUCT_NAME = "$(TARGET_NAME)";
				SWIFT_EMIT_LOC_STRINGS = YES;
				SWIFT_VERSION = 5.0;
				TARGETED_DEVICE_FAMILY = "1,2";
			};
			name = Release;
		};
/* End XCBuildConfiguration section */

/* Begin XCConfigurationList section */
		E8CF9672281A4C6000CFA9B9 /* Build configuration list for PBXProject "StickyStretchView" */ = {
			isa = XCConfigurationList;
			buildConfigurations = (
				E8CF9689281A4C6100CFA9B9 /* Debug */,
				E8CF968A281A4C6100CFA9B9 /* Release */,
			);
			defaultConfigurationIsVisible = 0;
			defaultConfigurationName = Release;
		};
		E8CF968B281A4C6100CFA9B9 /* Build configuration list for PBXNativeTarget "StickyStretchView" */ = {
			isa = XCConfigurationList;
			buildConfigurations = (
				E8CF968C281A4C6100CFA9B9 /* Debug */,
				E8CF968D281A4C6100CFA9B9 /* Release */,
			);
			defaultConfigurationIsVisible = 0;
			defaultConfigurationName = Release;
		};
/* End XCConfigurationList section */
	};
	rootObject = E8CF966F281A4C6000CFA9B9 /* Project object */;
}
