// !$*UTF8*$!
{
	archiveVersion = 1;
	classes = {
	};
	objectVersion = 55;
	objects = {

/* Begin PBXBuildFile section */
		20D22462985750D6D1A682C9 /* Pods_RippleButton.framework in Frameworks */ = {isa = PBXBuildFile; fileRef = 5FFA024474107983B84006AB /* Pods_RippleButton.framework */; };
		E845B80C280D30C7004A05D8 /* AppDelegate.swift in Sources */ = {isa = PBXBuildFile; fileRef = E845B80B280D30C7004A05D8 /* AppDelegate.swift */; };
		E845B80E280D30C7004A05D8 /* SceneDelegate.swift in Sources */ = {isa = PBXBuildFile; fileRef = E845B80D280D30C7004A05D8 /* SceneDelegate.swift */; };
		E845B810280D30C7004A05D8 /* ViewController.swift in Sources */ = {isa = PBXBuildFile; fileRef = E845B80F280D30C7004A05D8 /* ViewController.swift */; };
		E845B813280D30C7004A05D8 /* Main.storyboard in Resources */ = {isa = PBXBuildFile; fileRef = E845B811280D30C7004A05D8 /* Main.storyboard */; };
		E845B815280D30C8004A05D8 /* Assets.xcassets in Resources */ = {isa = PBXBuildFile; fileRef = E845B814280D30C8004A05D8 /* Assets.xcassets */; };
		E845B818280D30C8004A05D8 /* LaunchScreen.storyboard in Resources */ = {isa = PBXBuildFile; fileRef = E845B816280D30C8004A05D8 /* LaunchScreen.storyboard */; };
		E8FD064B280D3DF900C7B522 /* RippleButton.swift in Sources */ = {isa = PBXBuildFile; fileRef = E8FD064A280D3DF900C7B522 /* RippleButton.swift */; };
/* End PBXBuildFile section */

/* Begin PBXFileReference section */
		2C7C231DBBD58A73328C8AF8 /* Pods-RippleButton.debug.xcconfig */ = {isa = PBXFileReference; includeInIndex = 1; lastKnownFileType = text.xcconfig; name = "Pods-RippleButton.debug.xcconfig"; path = "Target Support Files/Pods-RippleButton/Pods-RippleButton.debug.xcconfig"; sourceTree = "<group>"; };
		5FFA024474107983B84006AB /* Pods_RippleButton.framework */ = {isa = PBXFileReference; explicitFileType = wrapper.framework; includeInIndex = 0; path = Pods_RippleButton.framework; sourceTree = BUILT_PRODUCTS_DIR; };
		C7517428D2F38627FDADCC10 /* Pods-RippleButton.release.xcconfig */ = {isa = PBXFileReference; includeInIndex = 1; lastKnownFileType = text.xcconfig; name = "Pods-RippleButton.release.xcconfig"; path = "Target Support Files/Pods-RippleButton/Pods-RippleButton.release.xcconfig"; sourceTree = "<group>"; };
		E845B808280D30C7004A05D8 /* RippleButton.app */ = {isa = PBXFileReference; explicitFileType = wrapper.application; includeInIndex = 0; path = RippleButton.app; sourceTree = BUILT_PRODUCTS_DIR; };
		E845B80B280D30C7004A05D8 /* AppDelegate.swift */ = {isa = PBXFileReference; lastKnownFileType = sourcecode.swift; path = AppDelegate.swift; sourceTree = "<group>"; };
		E845B80D280D30C7004A05D8 /* SceneDelegate.swift */ = {isa = PBXFileReference; lastKnownFileType = sourcecode.swift; path = SceneDelegate.swift; sourceTree = "<group>"; };
		E845B80F280D30C7004A05D8 /* ViewController.swift */ = {isa = PBXFileReference; lastKnownFileType = sourcecode.swift; path = ViewController.swift; sourceTree = "<group>"; };
		E845B812280D30C7004A05D8 /* Base */ = {isa = PBXFileReference; lastKnownFileType = file.storyboard; name = Base; path = Base.lproj/Main.storyboard; sourceTree = "<group>"; };
		E845B814280D30C8004A05D8 /* Assets.xcassets */ = {isa = PBXFileReference; lastKnownFileType = folder.assetcatalog; path = Assets.xcassets; sourceTree = "<group>"; };
		E845B817280D30C8004A05D8 /* Base */ = {isa = PBXFileReference; lastKnownFileType = file.storyboard; name = Base; path = Base.lproj/LaunchScreen.storyboard; sourceTree = "<group>"; };
		E845B819280D30C8004A05D8 /* Info.plist */ = {isa = PBXFileReference; lastKnownFileType = text.plist.xml; path = Info.plist; sourceTree = "<group>"; };
		E8FD064A280D3DF900C7B522 /* RippleButton.swift */ = {isa = PBXFileReference; lastKnownFileType = sourcecode.swift; path = RippleButton.swift; sourceTree = "<group>"; };
/* End PBXFileReference section */

/* Begin PBXFrameworksBuildPhase section */
		E845B805280D30C7004A05D8 /* Frameworks */ = {
			isa = PBXFrameworksBuildPhase;
			buildActionMask = 2147483647;
			files = (
				20D22462985750D6D1A682C9 /* Pods_RippleButton.framework in Frameworks */,
			);
			runOnlyForDeploymentPostprocessing = 0;
		};
/* End PBXFrameworksBuildPhase section */

/* Begin PBXGroup section */
		ABD3E7977C0246E0999B4D45 /* Frameworks */ = {
			isa = PBXGroup;
			children = (
				5FFA024474107983B84006AB /* Pods_RippleButton.framework */,
			);
			name = Frameworks;
			sourceTree = "<group>";
		};
		D56FC73A7AB8AB4F14924CD4 /* Pods */ = {
			isa = PBXGroup;
			children = (
				2C7C231DBBD58A73328C8AF8 /* Pods-RippleButton.debug.xcconfig */,
				C7517428D2F38627FDADCC10 /* Pods-RippleButton.release.xcconfig */,
			);
			path = Pods;
			sourceTree = "<group>";
		};
		E845B7FF280D30C7004A05D8 = {
			isa = PBXGroup;
			children = (
				E845B80A280D30C7004A05D8 /* RippleButton */,
				E845B809280D30C7004A05D8 /* Products */,
				D56FC73A7AB8AB4F14924CD4 /* Pods */,
				ABD3E7977C0246E0999B4D45 /* Frameworks */,
			);
			sourceTree = "<group>";
		};
		E845B809280D30C7004A05D8 /* Products */ = {
			isa = PBXGroup;
			children = (
				E845B808280D30C7004A05D8 /* RippleButton.app */,
			);
			name = Products;
			sourceTree = "<group>";
		};
		E845B80A280D30C7004A05D8 /* RippleButton */ = {
			isa = PBXGroup;
			children = (
				E845B80B280D30C7004A05D8 /* AppDelegate.swift */,
				E845B80D280D30C7004A05D8 /* SceneDelegate.swift */,
				E845B80F280D30C7004A05D8 /* ViewController.swift */,
				E845B811280D30C7004A05D8 /* Main.storyboard */,
				E845B814280D30C8004A05D8 /* Assets.xcassets */,
				E845B816280D30C8004A05D8 /* LaunchScreen.storyboard */,
				E845B819280D30C8004A05D8 /* Info.plist */,
				E8FD064A280D3DF900C7B522 /* RippleButton.swift */,
			);
			path = RippleButton;
			sourceTree = "<group>";
		};
/* End PBXGroup section */

/* Begin PBXNativeTarget section */
		E845B807280D30C7004A05D8 /* RippleButton */ = {
			isa = PBXNativeTarget;
			buildConfigurationList = E845B81C280D30C8004A05D8 /* Build configuration list for PBXNativeTarget "RippleButton" */;
			buildPhases = (
				3871697BE56DEC0B267A08F0 /* [CP] Check Pods Manifest.lock */,
				E845B804280D30C7004A05D8 /* Sources */,
				E845B805280D30C7004A05D8 /* Frameworks */,
				E845B806280D30C7004A05D8 /* Resources */,
				666AF827828735C72E6A6284 /* [CP] Embed Pods Frameworks */,
			);
			buildRules = (
			);
			dependencies = (
			);
			name = RippleButton;
			productName = RippleButton;
			productReference = E845B808280D30C7004A05D8 /* RippleButton.app */;
			productType = "com.apple.product-type.application";
		};
/* End PBXNativeTarget section */

/* Begin PBXProject section */
		E845B800280D30C7004A05D8 /* Project object */ = {
			isa = PBXProject;
			attributes = {
				BuildIndependentTargetsInParallel = 1;
				LastSwiftUpdateCheck = 1330;
				LastUpgradeCheck = 1330;
				TargetAttributes = {
					E845B807280D30C7004A05D8 = {
						CreatedOnToolsVersion = 13.3.1;
					};
				};
			};
			buildConfigurationList = E845B803280D30C7004A05D8 /* Build configuration list for PBXProject "RippleButton" */;
			compatibilityVersion = "Xcode 13.0";
			developmentRegion = en;
			hasScannedForEncodings = 0;
			knownRegions = (
				en,
				Base,
			);
			mainGroup = E845B7FF280D30C7004A05D8;
			productRefGroup = E845B809280D30C7004A05D8 /* Products */;
			projectDirPath = "";
			projectRoot = "";
			targets = (
				E845B807280D30C7004A05D8 /* RippleButton */,
			);
		};
/* End PBXProject section */

/* Begin PBXResourcesBuildPhase section */
		E845B806280D30C7004A05D8 /* Resources */ = {
			isa = PBXResourcesBuildPhase;
			buildActionMask = 2147483647;
			files = (
				E845B818280D30C8004A05D8 /* LaunchScreen.storyboard in Resources */,
				E845B815280D30C8004A05D8 /* Assets.xcassets in Resources */,
				E845B813280D30C7004A05D8 /* Main.storyboard in Resources */,
			);
			runOnlyForDeploymentPostprocessing = 0;
		};
/* End PBXResourcesBuildPhase section */

/* Begin PBXShellScriptBuildPhase section */
		3871697BE56DEC0B267A08F0 /* [CP] Check Pods Manifest.lock */ = {
			isa = PBXShellScriptBuildPhase;
			buildActionMask = 2147483647;
			files = (
			);
			inputFileListPaths = (
			);
			inputPaths = (
				"${PODS_PODFILE_DIR_PATH}/Podfile.lock",
				"${PODS_ROOT}/Manifest.lock",
			);
			name = "[CP] Check Pods Manifest.lock";
			outputFileListPaths = (
			);
			outputPaths = (
				"$(DERIVED_FILE_DIR)/Pods-RippleButton-checkManifestLockResult.txt",
			);
			runOnlyForDeploymentPostprocessing = 0;
			shellPath = /bin/sh;
			shellScript = "diff \"${PODS_PODFILE_DIR_PATH}/Podfile.lock\" \"${PODS_ROOT}/Manifest.lock\" > /dev/null\nif [ $? != 0 ] ; then\n    # print error to STDERR\n    echo \"error: The sandbox is not in sync with the Podfile.lock. Run 'pod install' or update your CocoaPods installation.\" >&2\n    exit 1\nfi\n# This output is used by Xcode 'outputs' to avoid re-running this script phase.\necho \"SUCCESS\" > \"${SCRIPT_OUTPUT_FILE_0}\"\n";
			showEnvVarsInLog = 0;
		};
		666AF827828735C72E6A6284 /* [CP] Embed Pods Frameworks */ = {
			isa = PBXShellScriptBuildPhase;
			buildActionMask = 2147483647;
			files = (
			);
			inputFileListPaths = (
				"${PODS_ROOT}/Target Support Files/Pods-RippleButton/Pods-RippleButton-frameworks-${CONFIGURATION}-input-files.xcfilelist",
			);
			name = "[CP] Embed Pods Frameworks";
			outputFileListPaths = (
				"${PODS_ROOT}/Target Support Files/Pods-RippleButton/Pods-RippleButton-frameworks-${CONFIGURATION}-output-files.xcfilelist",
			);
			runOnlyForDeploymentPostprocessing = 0;
			shellPath = /bin/sh;
			shellScript = "\"${PODS_ROOT}/Target Support Files/Pods-RippleButton/Pods-RippleButton-frameworks.sh\"\n";
			showEnvVarsInLog = 0;
		};
/* End PBXShellScriptBuildPhase section */

/* Begin PBXSourcesBuildPhase section */
		E845B804280D30C7004A05D8 /* Sources */ = {
			isa = PBXSourcesBuildPhase;
			buildActionMask = 2147483647;
			files = (
				E845B810280D30C7004A05D8 /* ViewController.swift in Sources */,
				E845B80C280D30C7004A05D8 /* AppDelegate.swift in Sources */,
				E845B80E280D30C7004A05D8 /* SceneDelegate.swift in Sources */,
				E8FD064B280D3DF900C7B522 /* RippleButton.swift in Sources */,
			);
			runOnlyForDeploymentPostprocessing = 0;
		};
/* End PBXSourcesBuildPhase section */

/* Begin PBXVariantGroup section */
		E845B811280D30C7004A05D8 /* Main.storyboard */ = {
			isa = PBXVariantGroup;
			children = (
				E845B812280D30C7004A05D8 /* Base */,
			);
			name = Main.storyboard;
			sourceTree = "<group>";
		};
		E845B816280D30C8004A05D8 /* LaunchScreen.storyboard */ = {
			isa = PBXVariantGroup;
			children = (
				E845B817280D30C8004A05D8 /* Base */,
			);
			name = LaunchScreen.storyboard;
			sourceTree = "<group>";
		};
/* End PBXVariantGroup section */

/* Begin XCBuildConfiguration section */
		E845B81A280D30C8004A05D8 /* Debug */ = {
			isa = XCBuildConfiguration;
			buildSettings = {
				ALWAYS_SEARCH_USER_PATHS = NO;
				CLANG_ANALYZER_NONNULL = YES;
				CLANG_ANALYZER_NUMBER_OBJECT_CONVERSION = YES_AGGRESSIVE;
				CLANG_CXX_LANGUAGE_STANDARD = "gnu++17";
				CLANG_ENABLE_MODULES = YES;
				CLANG_ENABLE_OBJC_ARC = YES;
				CLANG_ENABLE_OBJC_WEAK = YES;
				CLANG_WARN_BLOCK_CAPTURE_AUTORELEASING = YES;
				CLANG_WARN_BOOL_CONVERSION = YES;
				CLANG_WARN_COMMA = YES;
				CLANG_WARN_CONSTANT_CONVERSION = YES;
				CLANG_WARN_DEPRECATED_OBJC_IMPLEMENTATIONS = YES;
				CLANG_WARN_DIRECT_OBJC_ISA_USAGE = YES_ERROR;
				CLANG_WARN_DOCUMENTATION_COMMENTS = YES;
				CLANG_WARN_EMPTY_BODY = YES;
				CLANG_WARN_ENUM_CONVERSION = YES;
				CLANG_WARN_INFINITE_RECURSION = YES;
				CLANG_WARN_INT_CONVERSION = YES;
				CLANG_WARN_NON_LITERAL_NULL_CONVERSION = YES;
				CLANG_WARN_OBJC_IMPLICIT_RETAIN_SELF = YES;
				CLANG_WARN_OBJC_LITERAL_CONVERSION = YES;
				CLANG_WARN_OBJC_ROOT_CLASS = YES_ERROR;
				CLANG_WARN_QUOTED_INCLUDE_IN_FRAMEWORK_HEADER = YES;
				CLANG_WARN_RANGE_LOOP_ANALYSIS = YES;
				CLANG_WARN_STRICT_PROTOTYPES = YES;
				CLANG_WARN_SUSPICIOUS_MOVE = YES;
				CLANG_WARN_UNGUARDED_AVAILABILITY = YES_AGGRESSIVE;
				CLANG_WARN_UNREACHABLE_CODE = YES;
				CLANG_WARN__DUPLICATE_METHOD_MATCH = YES;
				COPY_PHASE_STRIP = NO;
				DEBUG_INFORMATION_FORMAT = dwarf;
				ENABLE_STRICT_OBJC_MSGSEND = YES;
				ENABLE_TESTABILITY = YES;
				GCC_C_LANGUAGE_STANDARD = gnu11;
				GCC_DYNAMIC_NO_PIC = NO;
				GCC_NO_COMMON_BLOCKS = YES;
				GCC_OPTIMIZATION_LEVEL = 0;
				GCC_PREPROCESSOR_DEFINITIONS = (
					"DEBUG=1",
					"$(inherited)",
				);
				GCC_WARN_64_TO_32_BIT_CONVERSION = YES;
				GCC_WARN_ABOUT_RETURN_TYPE = YES_ERROR;
				GCC_WARN_UNDECLARED_SELECTOR = YES;
				GCC_WARN_UNINITIALIZED_AUTOS = YES_AGGRESSIVE;
				GCC_WARN_UNUSED_FUNCTION = YES;
				GCC_WARN_UNUSED_VARIABLE = YES;
				IPHONEOS_DEPLOYMENT_TARGET = 14.0;
				MTL_ENABLE_DEBUG_INFO = INCLUDE_SOURCE;
				MTL_FAST_MATH = YES;
				ONLY_ACTIVE_ARCH = YES;
				SDKROOT = iphoneos;
				SWIFT_ACTIVE_COMPILATION_CONDITIONS = DEBUG;
				SWIFT_OPTIMIZATION_LEVEL = "-Onone";
			};
			name = Debug;
		};
		E845B81B280D30C8004A05D8 /* Release */ = {
			isa = XCBuildConfiguration;
			buildSettings = {
				ALWAYS_SEARCH_USER_PATHS = NO;
				CLANG_ANALYZER_NONNULL = YES;
				CLANG_ANALYZER_NUMBER_OBJECT_CONVERSION = YES_AGGRESSIVE;
				CLANG_CXX_LANGUAGE_STANDARD = "gnu++17";
				CLANG_ENABLE_MODULES = YES;
				CLANG_ENABLE_OBJC_ARC = YES;
				CLANG_ENABLE_OBJC_WEAK = YES;
				CLANG_WARN_BLOCK_CAPTURE_AUTORELEASING = YES;
				CLANG_WARN_BOOL_CONVERSION = YES;
				CLANG_WARN_COMMA = YES;
				CLANG_WARN_CONSTANT_CONVERSION = YES;
				CLANG_WARN_DEPRECATED_OBJC_IMPLEMENTATIONS = YES;
				CLANG_WARN_DIRECT_OBJC_ISA_USAGE = YES_ERROR;
				CLANG_WARN_DOCUMENTATION_COMMENTS = YES;
				CLANG_WARN_EMPTY_BODY = YES;
				CLANG_WARN_ENUM_CONVERSION = YES;
				CLANG_WARN_INFINITE_RECURSION = YES;
				CLANG_WARN_INT_CONVERSION = YES;
				CLANG_WARN_NON_LITERAL_NULL_CONVERSION = YES;
				CLANG_WARN_OBJC_IMPLICIT_RETAIN_SELF = YES;
				CLANG_WARN_OBJC_LITERAL_CONVERSION = YES;
				CLANG_WARN_OBJC_ROOT_CLASS = YES_ERROR;
				CLANG_WARN_QUOTED_INCLUDE_IN_FRAMEWORK_HEADER = YES;
				CLANG_WARN_RANGE_LOOP_ANALYSIS = YES;
				CLANG_WARN_STRICT_PROTOTYPES = YES;
				CLANG_WARN_SUSPICIOUS_MOVE = YES;
				CLANG_WARN_UNGUARDED_AVAILABILITY = YES_AGGRESSIVE;
				CLANG_WARN_UNREACHABLE_CODE = YES;
				CLANG_WARN__DUPLICATE_METHOD_MATCH = YES;
				COPY_PHASE_STRIP = NO;
				DEBUG_INFORMATION_FORMAT = "dwarf-with-dsym";
				ENABLE_NS_ASSERTIONS = NO;
				ENABLE_STRICT_OBJC_MSGSEND = YES;
				GCC_C_LANGUAGE_STANDARD = gnu11;
				GCC_NO_COMMON_BLOCKS = YES;
				GCC_WARN_64_TO_32_BIT_CONVERSION = YES;
				GCC_WARN_ABOUT_RETURN_TYPE = YES_ERROR;
				GCC_WARN_UNDECLARED_SELECTOR = YES;
				GCC_WARN_UNINITIALIZED_AUTOS = YES_AGGRESSIVE;
				GCC_WARN_UNUSED_FUNCTION = YES;
				GCC_WARN_UNUSED_VARIABLE = YES;
				IPHONEOS_DEPLOYMENT_TARGET = 14.0;
				MTL_ENABLE_DEBUG_INFO = NO;
				MTL_FAST_MATH = YES;
				SDKROOT = iphoneos;
				SWIFT_COMPILATION_MODE = wholemodule;
				SWIFT_OPTIMIZATION_LEVEL = "-O";
				VALIDATE_PRODUCT = YES;
			};
			name = Release;
		};
		E845B81D280D30C8004A05D8 /* Debug */ = {
			isa = XCBuildConfiguration;
			baseConfigurationReference = 2C7C231DBBD58A73328C8AF8 /* Pods-RippleButton.debug.xcconfig */;
			buildSettings = {
				ASSETCATALOG_COMPILER_APPICON_NAME = AppIcon;
				ASSETCATALOG_COMPILER_GLOBAL_ACCENT_COLOR_NAME = AccentColor;
				CODE_SIGN_STYLE = Automatic;
				CURRENT_PROJECT_VERSION = 1;
				DEVELOPMENT_TEAM = GP9D94CZ57;
				GENERATE_INFOPLIST_FILE = YES;
				INFOPLIST_FILE = RippleButton/Info.plist;
				INFOPLIST_KEY_UIApplicationSupportsIndirectInputEvents = YES;
				INFOPLIST_KEY_UILaunchStoryboardName = LaunchScreen;
				INFOPLIST_KEY_UIMainStoryboardFile = Main;
				INFOPLIST_KEY_UISupportedInterfaceOrientations_iPad = "UIInterfaceOrientationPortrait UIInterfaceOrientationPortraitUpsideDown UIInterfaceOrientationLandscapeLeft UIInterfaceOrientationLandscapeRight";
				INFOPLIST_KEY_UISupportedInterfaceOrientations_iPhone = "UIInterfaceOrientationPortrait UIInterfaceOrientationLandscapeLeft UIInterfaceOrientationLandscapeRight";
				LD_RUNPATH_SEARCH_PATHS = (
					"$(inherited)",
					"@executable_path/Frameworks",
				);
				MARKETING_VERSION = 1.0;
				PRODUCT_BUNDLE_IDENTIFIER = com.yeoboya.RippleButton;
				PRODUCT_NAME = "$(TARGET_NAME)";
				SWIFT_EMIT_LOC_STRINGS = YES;
				SWIFT_VERSION = 5.0;
				TARGETED_DEVICE_FAMILY = 1;
			};
			name = Debug;
		};
		E845B81E280D30C8004A05D8 /* Release */ = {
			isa = XCBuildConfiguration;
			baseConfigurationReference = C7517428D2F38627FDADCC10 /* Pods-RippleButton.release.xcconfig */;
			buildSettings = {
				ASSETCATALOG_COMPILER_APPICON_NAME = AppIcon;
				ASSETCATALOG_COMPILER_GLOBAL_ACCENT_COLOR_NAME = AccentColor;
				CODE_SIGN_STYLE = Automatic;
				CURRENT_PROJECT_VERSION = 1;
				DEVELOPMENT_TEAM = GP9D94CZ57;
				GENERATE_INFOPLIST_FILE = YES;
				INFOPLIST_FILE = RippleButton/Info.plist;
				INFOPLIST_KEY_UIApplicationSupportsIndirectInputEvents = YES;
				INFOPLIST_KEY_UILaunchStoryboardName = LaunchScreen;
				INFOPLIST_KEY_UIMainStoryboardFile = Main;
				INFOPLIST_KEY_UISupportedInterfaceOrientations_iPad = "UIInterfaceOrientationPortrait UIInterfaceOrientationPortraitUpsideDown UIInterfaceOrientationLandscapeLeft UIInterfaceOrientationLandscapeRight";
				INFOPLIST_KEY_UISupportedInterfaceOrientations_iPhone = "UIInterfaceOrientationPortrait UIInterfaceOrientationLandscapeLeft UIInterfaceOrientationLandscapeRight";
				LD_RUNPATH_SEARCH_PATHS = (
					"$(inherited)",
					"@executable_path/Frameworks",
				);
				MARKETING_VERSION = 1.0;
				PRODUCT_BUNDLE_IDENTIFIER = com.yeoboya.RippleButton;
				PRODUCT_NAME = "$(TARGET_NAME)";
				SWIFT_EMIT_LOC_STRINGS = YES;
				SWIFT_VERSION = 5.0;
				TARGETED_DEVICE_FAMILY = 1;
			};
			name = Release;
		};
/* End XCBuildConfiguration section */

/* Begin XCConfigurationList section */
		E845B803280D30C7004A05D8 /* Build configuration list for PBXProject "RippleButton" */ = {
			isa = XCConfigurationList;
			buildConfigurations = (
				E845B81A280D30C8004A05D8 /* Debug */,
				E845B81B280D30C8004A05D8 /* Release */,
			);
			defaultConfigurationIsVisible = 0;
			defaultConfigurationName = Release;
		};
		E845B81C280D30C8004A05D8 /* Build configuration list for PBXNativeTarget "RippleButton" */ = {
			isa = XCConfigurationList;
			buildConfigurations = (
				E845B81D280D30C8004A05D8 /* Debug */,
				E845B81E280D30C8004A05D8 /* Release */,
			);
			defaultConfigurationIsVisible = 0;
			defaultConfigurationName = Release;
		};
/* End XCConfigurationList section */
	};
	rootObject = E845B800280D30C7004A05D8 /* Project object */;
}
