// !$*UTF8*$!
{
	archiveVersion = 1;
	classes = {
	};
	objectVersion = 55;
	objects = {

/* Begin PBXBuildFile section */
		220E67BF05D5607287F5BA4C /* Pods_CSSwitch.framework in Frameworks */ = {isa = PBXBuildFile; fileRef = E07FB05B5023373164839CED /* Pods_CSSwitch.framework */; };
		E8A3D28828868256001475F1 /* AppDelegate.swift in Sources */ = {isa = PBXBuildFile; fileRef = E8A3D28728868256001475F1 /* AppDelegate.swift */; };
		E8A3D28A28868256001475F1 /* SceneDelegate.swift in Sources */ = {isa = PBXBuildFile; fileRef = E8A3D28928868256001475F1 /* SceneDelegate.swift */; };
		E8A3D28C28868256001475F1 /* ViewController.swift in Sources */ = {isa = PBXBuildFile; fileRef = E8A3D28B28868256001475F1 /* ViewController.swift */; };
		E8A3D28F28868256001475F1 /* Main.storyboard in Resources */ = {isa = PBXBuildFile; fileRef = E8A3D28D28868256001475F1 /* Main.storyboard */; };
		E8A3D29128868258001475F1 /* Assets.xcassets in Resources */ = {isa = PBXBuildFile; fileRef = E8A3D29028868258001475F1 /* Assets.xcassets */; };
		E8A3D29428868258001475F1 /* LaunchScreen.storyboard in Resources */ = {isa = PBXBuildFile; fileRef = E8A3D29228868258001475F1 /* LaunchScreen.storyboard */; };
		E8A3D29C288682E1001475F1 /* CSSwitch.swift in Sources */ = {isa = PBXBuildFile; fileRef = E8A3D29B288682E1001475F1 /* CSSwitch.swift */; };
/* End PBXBuildFile section */

/* Begin PBXFileReference section */
		6A46A3972EC4C88F08CC66A9 /* Pods-CSSwitch.release.xcconfig */ = {isa = PBXFileReference; includeInIndex = 1; lastKnownFileType = text.xcconfig; name = "Pods-CSSwitch.release.xcconfig"; path = "Target Support Files/Pods-CSSwitch/Pods-CSSwitch.release.xcconfig"; sourceTree = "<group>"; };
		DA1DC712D82E6B78B9E329B2 /* Pods-CSSwitch.debug.xcconfig */ = {isa = PBXFileReference; includeInIndex = 1; lastKnownFileType = text.xcconfig; name = "Pods-CSSwitch.debug.xcconfig"; path = "Target Support Files/Pods-CSSwitch/Pods-CSSwitch.debug.xcconfig"; sourceTree = "<group>"; };
		E07FB05B5023373164839CED /* Pods_CSSwitch.framework */ = {isa = PBXFileReference; explicitFileType = wrapper.framework; includeInIndex = 0; path = Pods_CSSwitch.framework; sourceTree = BUILT_PRODUCTS_DIR; };
		E8A3D28428868256001475F1 /* CSSwitch.app */ = {isa = PBXFileReference; explicitFileType = wrapper.application; includeInIndex = 0; path = CSSwitch.app; sourceTree = BUILT_PRODUCTS_DIR; };
		E8A3D28728868256001475F1 /* AppDelegate.swift */ = {isa = PBXFileReference; lastKnownFileType = sourcecode.swift; path = AppDelegate.swift; sourceTree = "<group>"; };
		E8A3D28928868256001475F1 /* SceneDelegate.swift */ = {isa = PBXFileReference; lastKnownFileType = sourcecode.swift; path = SceneDelegate.swift; sourceTree = "<group>"; };
		E8A3D28B28868256001475F1 /* ViewController.swift */ = {isa = PBXFileReference; lastKnownFileType = sourcecode.swift; path = ViewController.swift; sourceTree = "<group>"; };
		E8A3D28E28868256001475F1 /* Base */ = {isa = PBXFileReference; lastKnownFileType = file.storyboard; name = Base; path = Base.lproj/Main.storyboard; sourceTree = "<group>"; };
		E8A3D29028868258001475F1 /* Assets.xcassets */ = {isa = PBXFileReference; lastKnownFileType = folder.assetcatalog; path = Assets.xcassets; sourceTree = "<group>"; };
		E8A3D29328868258001475F1 /* Base */ = {isa = PBXFileReference; lastKnownFileType = file.storyboard; name = Base; path = Base.lproj/LaunchScreen.storyboard; sourceTree = "<group>"; };
		E8A3D29528868258001475F1 /* Info.plist */ = {isa = PBXFileReference; lastKnownFileType = text.plist.xml; path = Info.plist; sourceTree = "<group>"; };
		E8A3D29B288682E1001475F1 /* CSSwitch.swift */ = {isa = PBXFileReference; lastKnownFileType = sourcecode.swift; path = CSSwitch.swift; sourceTree = "<group>"; };
/* End PBXFileReference section */

/* Begin PBXFrameworksBuildPhase section */
		E8A3D28128868256001475F1 /* Frameworks */ = {
			isa = PBXFrameworksBuildPhase;
			buildActionMask = 2147483647;
			files = (
				220E67BF05D5607287F5BA4C /* Pods_CSSwitch.framework in Frameworks */,
			);
			runOnlyForDeploymentPostprocessing = 0;
		};
/* End PBXFrameworksBuildPhase section */

/* Begin PBXGroup section */
		88EE5431BE2782DE0F5B098F /* Frameworks */ = {
			isa = PBXGroup;
			children = (
				E07FB05B5023373164839CED /* Pods_CSSwitch.framework */,
			);
			name = Frameworks;
			sourceTree = "<group>";
		};
		E8A3D27B28868256001475F1 = {
			isa = PBXGroup;
			children = (
				E8A3D28628868256001475F1 /* CSSwitch */,
				E8A3D28528868256001475F1 /* Products */,
				EFAB70CDEB87090636E5AA06 /* Pods */,
				88EE5431BE2782DE0F5B098F /* Frameworks */,
			);
			sourceTree = "<group>";
		};
		E8A3D28528868256001475F1 /* Products */ = {
			isa = PBXGroup;
			children = (
				E8A3D28428868256001475F1 /* CSSwitch.app */,
			);
			name = Products;
			sourceTree = "<group>";
		};
		E8A3D28628868256001475F1 /* CSSwitch */ = {
			isa = PBXGroup;
			children = (
				E8A3D28728868256001475F1 /* AppDelegate.swift */,
				E8A3D28928868256001475F1 /* SceneDelegate.swift */,
				E8A3D28B28868256001475F1 /* ViewController.swift */,
				E8A3D28D28868256001475F1 /* Main.storyboard */,
				E8A3D29028868258001475F1 /* Assets.xcassets */,
				E8A3D29228868258001475F1 /* LaunchScreen.storyboard */,
				E8A3D29528868258001475F1 /* Info.plist */,
				E8A3D29B288682E1001475F1 /* CSSwitch.swift */,
			);
			path = CSSwitch;
			sourceTree = "<group>";
		};
		EFAB70CDEB87090636E5AA06 /* Pods */ = {
			isa = PBXGroup;
			children = (
				DA1DC712D82E6B78B9E329B2 /* Pods-CSSwitch.debug.xcconfig */,
				6A46A3972EC4C88F08CC66A9 /* Pods-CSSwitch.release.xcconfig */,
			);
			name = Pods;
			path = Pods;
			sourceTree = "<group>";
		};
/* End PBXGroup section */

/* Begin PBXNativeTarget section */
		E8A3D28328868256001475F1 /* CSSwitch */ = {
			isa = PBXNativeTarget;
			buildConfigurationList = E8A3D29828868258001475F1 /* Build configuration list for PBXNativeTarget "CSSwitch" */;
			buildPhases = (
				EEB7EC2B1957A550D6CC9844 /* [CP] Check Pods Manifest.lock */,
				E8A3D28028868256001475F1 /* Sources */,
				E8A3D28128868256001475F1 /* Frameworks */,
				E8A3D28228868256001475F1 /* Resources */,
				574D62E79D54253FE03A4DB5 /* [CP] Embed Pods Frameworks */,
			);
			buildRules = (
			);
			dependencies = (
			);
			name = CSSwitch;
			productName = CSSwitch;
			productReference = E8A3D28428868256001475F1 /* CSSwitch.app */;
			productType = "com.apple.product-type.application";
		};
/* End PBXNativeTarget section */

/* Begin PBXProject section */
		E8A3D27C28868256001475F1 /* Project object */ = {
			isa = PBXProject;
			attributes = {
				BuildIndependentTargetsInParallel = 1;
				LastSwiftUpdateCheck = 1330;
				LastUpgradeCheck = 1330;
				TargetAttributes = {
					E8A3D28328868256001475F1 = {
						CreatedOnToolsVersion = 13.3.1;
					};
				};
			};
			buildConfigurationList = E8A3D27F28868256001475F1 /* Build configuration list for PBXProject "CSSwitch" */;
			compatibilityVersion = "Xcode 13.0";
			developmentRegion = en;
			hasScannedForEncodings = 0;
			knownRegions = (
				en,
				Base,
			);
			mainGroup = E8A3D27B28868256001475F1;
			productRefGroup = E8A3D28528868256001475F1 /* Products */;
			projectDirPath = "";
			projectRoot = "";
			targets = (
				E8A3D28328868256001475F1 /* CSSwitch */,
			);
		};
/* End PBXProject section */

/* Begin PBXResourcesBuildPhase section */
		E8A3D28228868256001475F1 /* Resources */ = {
			isa = PBXResourcesBuildPhase;
			buildActionMask = 2147483647;
			files = (
				E8A3D29428868258001475F1 /* LaunchScreen.storyboard in Resources */,
				E8A3D29128868258001475F1 /* Assets.xcassets in Resources */,
				E8A3D28F28868256001475F1 /* Main.storyboard in Resources */,
			);
			runOnlyForDeploymentPostprocessing = 0;
		};
/* End PBXResourcesBuildPhase section */

/* Begin PBXShellScriptBuildPhase section */
		574D62E79D54253FE03A4DB5 /* [CP] Embed Pods Frameworks */ = {
			isa = PBXShellScriptBuildPhase;
			buildActionMask = 2147483647;
			files = (
			);
			inputFileListPaths = (
				"${PODS_ROOT}/Target Support Files/Pods-CSSwitch/Pods-CSSwitch-frameworks-${CONFIGURATION}-input-files.xcfilelist",
			);
			name = "[CP] Embed Pods Frameworks";
			outputFileListPaths = (
				"${PODS_ROOT}/Target Support Files/Pods-CSSwitch/Pods-CSSwitch-frameworks-${CONFIGURATION}-output-files.xcfilelist",
			);
			runOnlyForDeploymentPostprocessing = 0;
			shellPath = /bin/sh;
			shellScript = "\"${PODS_ROOT}/Target Support Files/Pods-CSSwitch/Pods-CSSwitch-frameworks.sh\"\n";
			showEnvVarsInLog = 0;
		};
		EEB7EC2B1957A550D6CC9844 /* [CP] Check Pods Manifest.lock */ = {
			isa = PBXShellScriptBuildPhase;
			buildActionMask = 2147483647;
			files = (
			);
			inputFileListPaths = (
			);
			inputPaths = (
				"${PODS_PODFILE_DIR_PATH}/Podfile.lock",
				"${PODS_ROOT}/Manifest.lock",
			);
			name = "[CP] Check Pods Manifest.lock";
			outputFileListPaths = (
			);
			outputPaths = (
				"$(DERIVED_FILE_DIR)/Pods-CSSwitch-checkManifestLockResult.txt",
			);
			runOnlyForDeploymentPostprocessing = 0;
			shellPath = /bin/sh;
			shellScript = "diff \"${PODS_PODFILE_DIR_PATH}/Podfile.lock\" \"${PODS_ROOT}/Manifest.lock\" > /dev/null\nif [ $? != 0 ] ; then\n    # print error to STDERR\n    echo \"error: The sandbox is not in sync with the Podfile.lock. Run 'pod install' or update your CocoaPods installation.\" >&2\n    exit 1\nfi\n# This output is used by Xcode 'outputs' to avoid re-running this script phase.\necho \"SUCCESS\" > \"${SCRIPT_OUTPUT_FILE_0}\"\n";
			showEnvVarsInLog = 0;
		};
/* End PBXShellScriptBuildPhase section */

/* Begin PBXSourcesBuildPhase section */
		E8A3D28028868256001475F1 /* Sources */ = {
			isa = PBXSourcesBuildPhase;
			buildActionMask = 2147483647;
			files = (
				E8A3D28C28868256001475F1 /* ViewController.swift in Sources */,
				E8A3D29C288682E1001475F1 /* CSSwitch.swift in Sources */,
				E8A3D28828868256001475F1 /* AppDelegate.swift in Sources */,
				E8A3D28A28868256001475F1 /* SceneDelegate.swift in Sources */,
			);
			runOnlyForDeploymentPostprocessing = 0;
		};
/* End PBXSourcesBuildPhase section */

/* Begin PBXVariantGroup section */
		E8A3D28D28868256001475F1 /* Main.storyboard */ = {
			isa = PBXVariantGroup;
			children = (
				E8A3D28E28868256001475F1 /* Base */,
			);
			name = Main.storyboard;
			sourceTree = "<group>";
		};
		E8A3D29228868258001475F1 /* LaunchScreen.storyboard */ = {
			isa = PBXVariantGroup;
			children = (
				E8A3D29328868258001475F1 /* Base */,
			);
			name = LaunchScreen.storyboard;
			sourceTree = "<group>";
		};
/* End PBXVariantGroup section */

/* Begin XCBuildConfiguration section */
		E8A3D29628868258001475F1 /* Debug */ = {
			isa = XCBuildConfiguration;
			buildSettings = {
				ALWAYS_SEARCH_USER_PATHS = NO;
				CLANG_ANALYZER_NONNULL = YES;
				CLANG_ANALYZER_NUMBER_OBJECT_CONVERSION = YES_AGGRESSIVE;
				CLANG_CXX_LANGUAGE_STANDARD = "gnu++17";
				CLANG_ENABLE_MODULES = YES;
				CLANG_ENABLE_OBJC_ARC = YES;
				CLANG_ENABLE_OBJC_WEAK = YES;
				CLANG_WARN_BLOCK_CAPTURE_AUTORELEASING = YES;
				CLANG_WARN_BOOL_CONVERSION = YES;
				CLANG_WARN_COMMA = YES;
				CLANG_WARN_CONSTANT_CONVERSION = YES;
				CLANG_WARN_DEPRECATED_OBJC_IMPLEMENTATIONS = YES;
				CLANG_WARN_DIRECT_OBJC_ISA_USAGE = YES_ERROR;
				CLANG_WARN_DOCUMENTATION_COMMENTS = YES;
				CLANG_WARN_EMPTY_BODY = YES;
				CLANG_WARN_ENUM_CONVERSION = YES;
				CLANG_WARN_INFINITE_RECURSION = YES;
				CLANG_WARN_INT_CONVERSION = YES;
				CLANG_WARN_NON_LITERAL_NULL_CONVERSION = YES;
				CLANG_WARN_OBJC_IMPLICIT_RETAIN_SELF = YES;
				CLANG_WARN_OBJC_LITERAL_CONVERSION = YES;
				CLANG_WARN_OBJC_ROOT_CLASS = YES_ERROR;
				CLANG_WARN_QUOTED_INCLUDE_IN_FRAMEWORK_HEADER = YES;
				CLANG_WARN_RANGE_LOOP_ANALYSIS = YES;
				CLANG_WARN_STRICT_PROTOTYPES = YES;
				CLANG_WARN_SUSPICIOUS_MOVE = YES;
				CLANG_WARN_UNGUARDED_AVAILABILITY = YES_AGGRESSIVE;
				CLANG_WARN_UNREACHABLE_CODE = YES;
				CLANG_WARN__DUPLICATE_METHOD_MATCH = YES;
				COPY_PHASE_STRIP = NO;
				DEBUG_INFORMATION_FORMAT = dwarf;
				ENABLE_STRICT_OBJC_MSGSEND = YES;
				ENABLE_TESTABILITY = YES;
				GCC_C_LANGUAGE_STANDARD = gnu11;
				GCC_DYNAMIC_NO_PIC = NO;
				GCC_NO_COMMON_BLOCKS = YES;
				GCC_OPTIMIZATION_LEVEL = 0;
				GCC_PREPROCESSOR_DEFINITIONS = (
					"DEBUG=1",
					"$(inherited)",
				);
				GCC_WARN_64_TO_32_BIT_CONVERSION = YES;
				GCC_WARN_ABOUT_RETURN_TYPE = YES_ERROR;
				GCC_WARN_UNDECLARED_SELECTOR = YES;
				GCC_WARN_UNINITIALIZED_AUTOS = YES_AGGRESSIVE;
				GCC_WARN_UNUSED_FUNCTION = YES;
				GCC_WARN_UNUSED_VARIABLE = YES;
				IPHONEOS_DEPLOYMENT_TARGET = 12.0;
				MTL_ENABLE_DEBUG_INFO = INCLUDE_SOURCE;
				MTL_FAST_MATH = YES;
				ONLY_ACTIVE_ARCH = YES;
				SDKROOT = iphoneos;
				SWIFT_ACTIVE_COMPILATION_CONDITIONS = DEBUG;
				SWIFT_OPTIMIZATION_LEVEL = "-Onone";
			};
			name = Debug;
		};
		E8A3D29728868258001475F1 /* Release */ = {
			isa = XCBuildConfiguration;
			buildSettings = {
				ALWAYS_SEARCH_USER_PATHS = NO;
				CLANG_ANALYZER_NONNULL = YES;
				CLANG_ANALYZER_NUMBER_OBJECT_CONVERSION = YES_AGGRESSIVE;
				CLANG_CXX_LANGUAGE_STANDARD = "gnu++17";
				CLANG_ENABLE_MODULES = YES;
				CLANG_ENABLE_OBJC_ARC = YES;
				CLANG_ENABLE_OBJC_WEAK = YES;
				CLANG_WARN_BLOCK_CAPTURE_AUTORELEASING = YES;
				CLANG_WARN_BOOL_CONVERSION = YES;
				CLANG_WARN_COMMA = YES;
				CLANG_WARN_CONSTANT_CONVERSION = YES;
				CLANG_WARN_DEPRECATED_OBJC_IMPLEMENTATIONS = YES;
				CLANG_WARN_DIRECT_OBJC_ISA_USAGE = YES_ERROR;
				CLANG_WARN_DOCUMENTATION_COMMENTS = YES;
				CLANG_WARN_EMPTY_BODY = YES;
				CLANG_WARN_ENUM_CONVERSION = YES;
				CLANG_WARN_INFINITE_RECURSION = YES;
				CLANG_WARN_INT_CONVERSION = YES;
				CLANG_WARN_NON_LITERAL_NULL_CONVERSION = YES;
				CLANG_WARN_OBJC_IMPLICIT_RETAIN_SELF = YES;
				CLANG_WARN_OBJC_LITERAL_CONVERSION = YES;
				CLANG_WARN_OBJC_ROOT_CLASS = YES_ERROR;
				CLANG_WARN_QUOTED_INCLUDE_IN_FRAMEWORK_HEADER = YES;
				CLANG_WARN_RANGE_LOOP_ANALYSIS = YES;
				CLANG_WARN_STRICT_PROTOTYPES = YES;
				CLANG_WARN_SUSPICIOUS_MOVE = YES;
				CLANG_WARN_UNGUARDED_AVAILABILITY = YES_AGGRESSIVE;
				CLANG_WARN_UNREACHABLE_CODE = YES;
				CLANG_WARN__DUPLICATE_METHOD_MATCH = YES;
				COPY_PHASE_STRIP = NO;
				DEBUG_INFORMATION_FORMAT = "dwarf-with-dsym";
				ENABLE_NS_ASSERTIONS = NO;
				ENABLE_STRICT_OBJC_MSGSEND = YES;
				GCC_C_LANGUAGE_STANDARD = gnu11;
				GCC_NO_COMMON_BLOCKS = YES;
				GCC_WARN_64_TO_32_BIT_CONVERSION = YES;
				GCC_WARN_ABOUT_RETURN_TYPE = YES_ERROR;
				GCC_WARN_UNDECLARED_SELECTOR = YES;
				GCC_WARN_UNINITIALIZED_AUTOS = YES_AGGRESSIVE;
				GCC_WARN_UNUSED_FUNCTION = YES;
				GCC_WARN_UNUSED_VARIABLE = YES;
				IPHONEOS_DEPLOYMENT_TARGET = 12.0;
				MTL_ENABLE_DEBUG_INFO = NO;
				MTL_FAST_MATH = YES;
				SDKROOT = iphoneos;
				SWIFT_COMPILATION_MODE = wholemodule;
				SWIFT_OPTIMIZATION_LEVEL = "-O";
				VALIDATE_PRODUCT = YES;
			};
			name = Release;
		};
		E8A3D29928868258001475F1 /* Debug */ = {
			isa = XCBuildConfiguration;
			baseConfigurationReference = DA1DC712D82E6B78B9E329B2 /* Pods-CSSwitch.debug.xcconfig */;
			buildSettings = {
				ASSETCATALOG_COMPILER_APPICON_NAME = AppIcon;
				ASSETCATALOG_COMPILER_GLOBAL_ACCENT_COLOR_NAME = AccentColor;
				CODE_SIGN_STYLE = Automatic;
				CURRENT_PROJECT_VERSION = 1;
				DEVELOPMENT_TEAM = GP9D94CZ57;
				GENERATE_INFOPLIST_FILE = YES;
				INFOPLIST_FILE = CSSwitch/Info.plist;
				INFOPLIST_KEY_UIApplicationSupportsIndirectInputEvents = YES;
				INFOPLIST_KEY_UILaunchStoryboardName = LaunchScreen;
				INFOPLIST_KEY_UIMainStoryboardFile = Main;
				INFOPLIST_KEY_UISupportedInterfaceOrientations_iPad = "UIInterfaceOrientationPortrait UIInterfaceOrientationPortraitUpsideDown UIInterfaceOrientationLandscapeLeft UIInterfaceOrientationLandscapeRight";
				INFOPLIST_KEY_UISupportedInterfaceOrientations_iPhone = "UIInterfaceOrientationPortrait UIInterfaceOrientationLandscapeLeft UIInterfaceOrientationLandscapeRight";
				IPHONEOS_DEPLOYMENT_TARGET = 12.0;
				LD_RUNPATH_SEARCH_PATHS = (
					"$(inherited)",
					"@executable_path/Frameworks",
				);
				MARKETING_VERSION = 1.0;
				PRODUCT_BUNDLE_IDENTIFIER = com.yeoboya.CSSwitch;
				PRODUCT_NAME = "$(TARGET_NAME)";
				SWIFT_EMIT_LOC_STRINGS = YES;
				SWIFT_VERSION = 5.0;
				TARGETED_DEVICE_FAMILY = "1,2";
			};
			name = Debug;
		};
		E8A3D29A28868258001475F1 /* Release */ = {
			isa = XCBuildConfiguration;
			baseConfigurationReference = 6A46A3972EC4C88F08CC66A9 /* Pods-CSSwitch.release.xcconfig */;
			buildSettings = {
				ASSETCATALOG_COMPILER_APPICON_NAME = AppIcon;
				ASSETCATALOG_COMPILER_GLOBAL_ACCENT_COLOR_NAME = AccentColor;
				CODE_SIGN_STYLE = Automatic;
				CURRENT_PROJECT_VERSION = 1;
				DEVELOPMENT_TEAM = GP9D94CZ57;
				GENERATE_INFOPLIST_FILE = YES;
				INFOPLIST_FILE = CSSwitch/Info.plist;
				INFOPLIST_KEY_UIApplicationSupportsIndirectInputEvents = YES;
				INFOPLIST_KEY_UILaunchStoryboardName = LaunchScreen;
				INFOPLIST_KEY_UIMainStoryboardFile = Main;
				INFOPLIST_KEY_UISupportedInterfaceOrientations_iPad = "UIInterfaceOrientationPortrait UIInterfaceOrientationPortraitUpsideDown UIInterfaceOrientationLandscapeLeft UIInterfaceOrientationLandscapeRight";
				INFOPLIST_KEY_UISupportedInterfaceOrientations_iPhone = "UIInterfaceOrientationPortrait UIInterfaceOrientationLandscapeLeft UIInterfaceOrientationLandscapeRight";
				IPHONEOS_DEPLOYMENT_TARGET = 12.0;
				LD_RUNPATH_SEARCH_PATHS = (
					"$(inherited)",
					"@executable_path/Frameworks",
				);
				MARKETING_VERSION = 1.0;
				PRODUCT_BUNDLE_IDENTIFIER = com.yeoboya.CSSwitch;
				PRODUCT_NAME = "$(TARGET_NAME)";
				SWIFT_EMIT_LOC_STRINGS = YES;
				SWIFT_VERSION = 5.0;
				TARGETED_DEVICE_FAMILY = "1,2";
			};
			name = Release;
		};
/* End XCBuildConfiguration section */

/* Begin XCConfigurationList section */
		E8A3D27F28868256001475F1 /* Build configuration list for PBXProject "CSSwitch" */ = {
			isa = XCConfigurationList;
			buildConfigurations = (
				E8A3D29628868258001475F1 /* Debug */,
				E8A3D29728868258001475F1 /* Release */,
			);
			defaultConfigurationIsVisible = 0;
			defaultConfigurationName = Release;
		};
		E8A3D29828868258001475F1 /* Build configuration list for PBXNativeTarget "CSSwitch" */ = {
			isa = XCConfigurationList;
			buildConfigurations = (
				E8A3D29928868258001475F1 /* Debug */,
				E8A3D29A28868258001475F1 /* Release */,
			);
			defaultConfigurationIsVisible = 0;
			defaultConfigurationName = Release;
		};
/* End XCConfigurationList section */
	};
	rootObject = E8A3D27C28868256001475F1 /* Project object */;
}
