// !$*UTF8*$!
{
	archiveVersion = 1;
	classes = {
	};
	objectVersion = 55;
	objects = {

/* Begin PBXBuildFile section */
		524A1FA6A5ADDF88F16EE10B /* Pods_DrawChart.framework in Frameworks */ = {isa = PBXBuildFile; fileRef = A4B664ED2983A7D8D4CD95FE /* Pods_DrawChart.framework */; };
		E8AA27C8282205750080BB7E /* AppDelegate.swift in Sources */ = {isa = PBXBuildFile; fileRef = E8AA27C7282205750080BB7E /* AppDelegate.swift */; };
		E8AA27CA282205750080BB7E /* SceneDelegate.swift in Sources */ = {isa = PBXBuildFile; fileRef = E8AA27C9282205750080BB7E /* SceneDelegate.swift */; };
		E8AA27CC282205750080BB7E /* ViewController.swift in Sources */ = {isa = PBXBuildFile; fileRef = E8AA27CB282205750080BB7E /* ViewController.swift */; };
		E8AA27CF282205750080BB7E /* Main.storyboard in Resources */ = {isa = PBXBuildFile; fileRef = E8AA27CD282205750080BB7E /* Main.storyboard */; };
		E8AA27D1282205760080BB7E /* Assets.xcassets in Resources */ = {isa = PBXBuildFile; fileRef = E8AA27D0282205760080BB7E /* Assets.xcassets */; };
		E8AA27D4282205760080BB7E /* LaunchScreen.storyboard in Resources */ = {isa = PBXBuildFile; fileRef = E8AA27D2282205760080BB7E /* LaunchScreen.storyboard */; };
		E8AA27DD28221AF20080BB7E /* ChartView.swift in Sources */ = {isa = PBXBuildFile; fileRef = E8AA27DC28221AF20080BB7E /* ChartView.swift */; };
/* End PBXBuildFile section */

/* Begin PBXFileReference section */
		15DE18D610EC5306A510CBA4 /* Pods-DrawChart.debug.xcconfig */ = {isa = PBXFileReference; includeInIndex = 1; lastKnownFileType = text.xcconfig; name = "Pods-DrawChart.debug.xcconfig"; path = "Target Support Files/Pods-DrawChart/Pods-DrawChart.debug.xcconfig"; sourceTree = "<group>"; };
		91DF236B4C31224EB38CF001 /* Pods-DrawChart.release.xcconfig */ = {isa = PBXFileReference; includeInIndex = 1; lastKnownFileType = text.xcconfig; name = "Pods-DrawChart.release.xcconfig"; path = "Target Support Files/Pods-DrawChart/Pods-DrawChart.release.xcconfig"; sourceTree = "<group>"; };
		A4B664ED2983A7D8D4CD95FE /* Pods_DrawChart.framework */ = {isa = PBXFileReference; explicitFileType = wrapper.framework; includeInIndex = 0; path = Pods_DrawChart.framework; sourceTree = BUILT_PRODUCTS_DIR; };
		E8AA27C4282205750080BB7E /* DrawChart.app */ = {isa = PBXFileReference; explicitFileType = wrapper.application; includeInIndex = 0; path = DrawChart.app; sourceTree = BUILT_PRODUCTS_DIR; };
		E8AA27C7282205750080BB7E /* AppDelegate.swift */ = {isa = PBXFileReference; lastKnownFileType = sourcecode.swift; path = AppDelegate.swift; sourceTree = "<group>"; };
		E8AA27C9282205750080BB7E /* SceneDelegate.swift */ = {isa = PBXFileReference; lastKnownFileType = sourcecode.swift; path = SceneDelegate.swift; sourceTree = "<group>"; };
		E8AA27CB282205750080BB7E /* ViewController.swift */ = {isa = PBXFileReference; lastKnownFileType = sourcecode.swift; path = ViewController.swift; sourceTree = "<group>"; };
		E8AA27CE282205750080BB7E /* Base */ = {isa = PBXFileReference; lastKnownFileType = file.storyboard; name = Base; path = Base.lproj/Main.storyboard; sourceTree = "<group>"; };
		E8AA27D0282205760080BB7E /* Assets.xcassets */ = {isa = PBXFileReference; lastKnownFileType = folder.assetcatalog; path = Assets.xcassets; sourceTree = "<group>"; };
		E8AA27D3282205760080BB7E /* Base */ = {isa = PBXFileReference; lastKnownFileType = file.storyboard; name = Base; path = Base.lproj/LaunchScreen.storyboard; sourceTree = "<group>"; };
		E8AA27D5282205760080BB7E /* Info.plist */ = {isa = PBXFileReference; lastKnownFileType = text.plist.xml; path = Info.plist; sourceTree = "<group>"; };
		E8AA27DC28221AF20080BB7E /* ChartView.swift */ = {isa = PBXFileReference; lastKnownFileType = sourcecode.swift; path = ChartView.swift; sourceTree = "<group>"; };
/* End PBXFileReference section */

/* Begin PBXFrameworksBuildPhase section */
		E8AA27C1282205750080BB7E /* Frameworks */ = {
			isa = PBXFrameworksBuildPhase;
			buildActionMask = 2147483647;
			files = (
				524A1FA6A5ADDF88F16EE10B /* Pods_DrawChart.framework in Frameworks */,
			);
			runOnlyForDeploymentPostprocessing = 0;
		};
/* End PBXFrameworksBuildPhase section */

/* Begin PBXGroup section */
		43915B2A765F8DED72312488 /* Frameworks */ = {
			isa = PBXGroup;
			children = (
				A4B664ED2983A7D8D4CD95FE /* Pods_DrawChart.framework */,
			);
			name = Frameworks;
			sourceTree = "<group>";
		};
		521AD4590CCBD664E105BBEE /* Pods */ = {
			isa = PBXGroup;
			children = (
				15DE18D610EC5306A510CBA4 /* Pods-DrawChart.debug.xcconfig */,
				91DF236B4C31224EB38CF001 /* Pods-DrawChart.release.xcconfig */,
			);
			path = Pods;
			sourceTree = "<group>";
		};
		E8AA27BB282205750080BB7E = {
			isa = PBXGroup;
			children = (
				E8AA27C6282205750080BB7E /* DrawChart */,
				E8AA27C5282205750080BB7E /* Products */,
				521AD4590CCBD664E105BBEE /* Pods */,
				43915B2A765F8DED72312488 /* Frameworks */,
			);
			sourceTree = "<group>";
		};
		E8AA27C5282205750080BB7E /* Products */ = {
			isa = PBXGroup;
			children = (
				E8AA27C4282205750080BB7E /* DrawChart.app */,
			);
			name = Products;
			sourceTree = "<group>";
		};
		E8AA27C6282205750080BB7E /* DrawChart */ = {
			isa = PBXGroup;
			children = (
				E8AA27DB282205C80080BB7E /* AppDelegate */,
				E8AA27CB282205750080BB7E /* ViewController.swift */,
				E8AA27DC28221AF20080BB7E /* ChartView.swift */,
				E8AA27CD282205750080BB7E /* Main.storyboard */,
				E8AA27D0282205760080BB7E /* Assets.xcassets */,
				E8AA27D2282205760080BB7E /* LaunchScreen.storyboard */,
				E8AA27D5282205760080BB7E /* Info.plist */,
			);
			path = DrawChart;
			sourceTree = "<group>";
		};
		E8AA27DB282205C80080BB7E /* AppDelegate */ = {
			isa = PBXGroup;
			children = (
				E8AA27C7282205750080BB7E /* AppDelegate.swift */,
				E8AA27C9282205750080BB7E /* SceneDelegate.swift */,
			);
			path = AppDelegate;
			sourceTree = "<group>";
		};
/* End PBXGroup section */

/* Begin PBXNativeTarget section */
		E8AA27C3282205750080BB7E /* DrawChart */ = {
			isa = PBXNativeTarget;
			buildConfigurationList = E8AA27D8282205760080BB7E /* Build configuration list for PBXNativeTarget "DrawChart" */;
			buildPhases = (
				6508D9924556CC1EB36CEBE6 /* [CP] Check Pods Manifest.lock */,
				E8AA27C0282205750080BB7E /* Sources */,
				E8AA27C1282205750080BB7E /* Frameworks */,
				E8AA27C2282205750080BB7E /* Resources */,
				B84F291F1BA6BA0489FB5BDF /* [CP] Embed Pods Frameworks */,
			);
			buildRules = (
			);
			dependencies = (
			);
			name = DrawChart;
			productName = DrawChart;
			productReference = E8AA27C4282205750080BB7E /* DrawChart.app */;
			productType = "com.apple.product-type.application";
		};
/* End PBXNativeTarget section */

/* Begin PBXProject section */
		E8AA27BC282205750080BB7E /* Project object */ = {
			isa = PBXProject;
			attributes = {
				BuildIndependentTargetsInParallel = 1;
				LastSwiftUpdateCheck = 1330;
				LastUpgradeCheck = 1330;
				TargetAttributes = {
					E8AA27C3282205750080BB7E = {
						CreatedOnToolsVersion = 13.3.1;
					};
				};
			};
			buildConfigurationList = E8AA27BF282205750080BB7E /* Build configuration list for PBXProject "DrawChart" */;
			compatibilityVersion = "Xcode 13.0";
			developmentRegion = en;
			hasScannedForEncodings = 0;
			knownRegions = (
				en,
				Base,
			);
			mainGroup = E8AA27BB282205750080BB7E;
			productRefGroup = E8AA27C5282205750080BB7E /* Products */;
			projectDirPath = "";
			projectRoot = "";
			targets = (
				E8AA27C3282205750080BB7E /* DrawChart */,
			);
		};
/* End PBXProject section */

/* Begin PBXResourcesBuildPhase section */
		E8AA27C2282205750080BB7E /* Resources */ = {
			isa = PBXResourcesBuildPhase;
			buildActionMask = 2147483647;
			files = (
				E8AA27D4282205760080BB7E /* LaunchScreen.storyboard in Resources */,
				E8AA27D1282205760080BB7E /* Assets.xcassets in Resources */,
				E8AA27CF282205750080BB7E /* Main.storyboard in Resources */,
			);
			runOnlyForDeploymentPostprocessing = 0;
		};
/* End PBXResourcesBuildPhase section */

/* Begin PBXShellScriptBuildPhase section */
		6508D9924556CC1EB36CEBE6 /* [CP] Check Pods Manifest.lock */ = {
			isa = PBXShellScriptBuildPhase;
			buildActionMask = 2147483647;
			files = (
			);
			inputFileListPaths = (
			);
			inputPaths = (
				"${PODS_PODFILE_DIR_PATH}/Podfile.lock",
				"${PODS_ROOT}/Manifest.lock",
			);
			name = "[CP] Check Pods Manifest.lock";
			outputFileListPaths = (
			);
			outputPaths = (
				"$(DERIVED_FILE_DIR)/Pods-DrawChart-checkManifestLockResult.txt",
			);
			runOnlyForDeploymentPostprocessing = 0;
			shellPath = /bin/sh;
			shellScript = "diff \"${PODS_PODFILE_DIR_PATH}/Podfile.lock\" \"${PODS_ROOT}/Manifest.lock\" > /dev/null\nif [ $? != 0 ] ; then\n    # print error to STDERR\n    echo \"error: The sandbox is not in sync with the Podfile.lock. Run 'pod install' or update your CocoaPods installation.\" >&2\n    exit 1\nfi\n# This output is used by Xcode 'outputs' to avoid re-running this script phase.\necho \"SUCCESS\" > \"${SCRIPT_OUTPUT_FILE_0}\"\n";
			showEnvVarsInLog = 0;
		};
		B84F291F1BA6BA0489FB5BDF /* [CP] Embed Pods Frameworks */ = {
			isa = PBXShellScriptBuildPhase;
			buildActionMask = 2147483647;
			files = (
			);
			inputFileListPaths = (
				"${PODS_ROOT}/Target Support Files/Pods-DrawChart/Pods-DrawChart-frameworks-${CONFIGURATION}-input-files.xcfilelist",
			);
			name = "[CP] Embed Pods Frameworks";
			outputFileListPaths = (
				"${PODS_ROOT}/Target Support Files/Pods-DrawChart/Pods-DrawChart-frameworks-${CONFIGURATION}-output-files.xcfilelist",
			);
			runOnlyForDeploymentPostprocessing = 0;
			shellPath = /bin/sh;
			shellScript = "\"${PODS_ROOT}/Target Support Files/Pods-DrawChart/Pods-DrawChart-frameworks.sh\"\n";
			showEnvVarsInLog = 0;
		};
/* End PBXShellScriptBuildPhase section */

/* Begin PBXSourcesBuildPhase section */
		E8AA27C0282205750080BB7E /* Sources */ = {
			isa = PBXSourcesBuildPhase;
			buildActionMask = 2147483647;
			files = (
				E8AA27CC282205750080BB7E /* ViewController.swift in Sources */,
				E8AA27C8282205750080BB7E /* AppDelegate.swift in Sources */,
				E8AA27CA282205750080BB7E /* SceneDelegate.swift in Sources */,
				E8AA27DD28221AF20080BB7E /* ChartView.swift in Sources */,
			);
			runOnlyForDeploymentPostprocessing = 0;
		};
/* End PBXSourcesBuildPhase section */

/* Begin PBXVariantGroup section */
		E8AA27CD282205750080BB7E /* Main.storyboard */ = {
			isa = PBXVariantGroup;
			children = (
				E8AA27CE282205750080BB7E /* Base */,
			);
			name = Main.storyboard;
			sourceTree = "<group>";
		};
		E8AA27D2282205760080BB7E /* LaunchScreen.storyboard */ = {
			isa = PBXVariantGroup;
			children = (
				E8AA27D3282205760080BB7E /* Base */,
			);
			name = LaunchScreen.storyboard;
			sourceTree = "<group>";
		};
/* End PBXVariantGroup section */

/* Begin XCBuildConfiguration section */
		E8AA27D6282205760080BB7E /* Debug */ = {
			isa = XCBuildConfiguration;
			buildSettings = {
				ALWAYS_SEARCH_USER_PATHS = NO;
				CLANG_ANALYZER_NONNULL = YES;
				CLANG_ANALYZER_NUMBER_OBJECT_CONVERSION = YES_AGGRESSIVE;
				CLANG_CXX_LANGUAGE_STANDARD = "gnu++17";
				CLANG_ENABLE_MODULES = YES;
				CLANG_ENABLE_OBJC_ARC = YES;
				CLANG_ENABLE_OBJC_WEAK = YES;
				CLANG_WARN_BLOCK_CAPTURE_AUTORELEASING = YES;
				CLANG_WARN_BOOL_CONVERSION = YES;
				CLANG_WARN_COMMA = YES;
				CLANG_WARN_CONSTANT_CONVERSION = YES;
				CLANG_WARN_DEPRECATED_OBJC_IMPLEMENTATIONS = YES;
				CLANG_WARN_DIRECT_OBJC_ISA_USAGE = YES_ERROR;
				CLANG_WARN_DOCUMENTATION_COMMENTS = YES;
				CLANG_WARN_EMPTY_BODY = YES;
				CLANG_WARN_ENUM_CONVERSION = YES;
				CLANG_WARN_INFINITE_RECURSION = YES;
				CLANG_WARN_INT_CONVERSION = YES;
				CLANG_WARN_NON_LITERAL_NULL_CONVERSION = YES;
				CLANG_WARN_OBJC_IMPLICIT_RETAIN_SELF = YES;
				CLANG_WARN_OBJC_LITERAL_CONVERSION = YES;
				CLANG_WARN_OBJC_ROOT_CLASS = YES_ERROR;
				CLANG_WARN_QUOTED_INCLUDE_IN_FRAMEWORK_HEADER = YES;
				CLANG_WARN_RANGE_LOOP_ANALYSIS = YES;
				CLANG_WARN_STRICT_PROTOTYPES = YES;
				CLANG_WARN_SUSPICIOUS_MOVE = YES;
				CLANG_WARN_UNGUARDED_AVAILABILITY = YES_AGGRESSIVE;
				CLANG_WARN_UNREACHABLE_CODE = YES;
				CLANG_WARN__DUPLICATE_METHOD_MATCH = YES;
				COPY_PHASE_STRIP = NO;
				DEBUG_INFORMATION_FORMAT = dwarf;
				ENABLE_STRICT_OBJC_MSGSEND = YES;
				ENABLE_TESTABILITY = YES;
				GCC_C_LANGUAGE_STANDARD = gnu11;
				GCC_DYNAMIC_NO_PIC = NO;
				GCC_NO_COMMON_BLOCKS = YES;
				GCC_OPTIMIZATION_LEVEL = 0;
				GCC_PREPROCESSOR_DEFINITIONS = (
					"DEBUG=1",
					"$(inherited)",
				);
				GCC_WARN_64_TO_32_BIT_CONVERSION = YES;
				GCC_WARN_ABOUT_RETURN_TYPE = YES_ERROR;
				GCC_WARN_UNDECLARED_SELECTOR = YES;
				GCC_WARN_UNINITIALIZED_AUTOS = YES_AGGRESSIVE;
				GCC_WARN_UNUSED_FUNCTION = YES;
				GCC_WARN_UNUSED_VARIABLE = YES;
				IPHONEOS_DEPLOYMENT_TARGET = 15.4;
				MTL_ENABLE_DEBUG_INFO = INCLUDE_SOURCE;
				MTL_FAST_MATH = YES;
				ONLY_ACTIVE_ARCH = YES;
				SDKROOT = iphoneos;
				SWIFT_ACTIVE_COMPILATION_CONDITIONS = DEBUG;
				SWIFT_OPTIMIZATION_LEVEL = "-Onone";
			};
			name = Debug;
		};
		E8AA27D7282205760080BB7E /* Release */ = {
			isa = XCBuildConfiguration;
			buildSettings = {
				ALWAYS_SEARCH_USER_PATHS = NO;
				CLANG_ANALYZER_NONNULL = YES;
				CLANG_ANALYZER_NUMBER_OBJECT_CONVERSION = YES_AGGRESSIVE;
				CLANG_CXX_LANGUAGE_STANDARD = "gnu++17";
				CLANG_ENABLE_MODULES = YES;
				CLANG_ENABLE_OBJC_ARC = YES;
				CLANG_ENABLE_OBJC_WEAK = YES;
				CLANG_WARN_BLOCK_CAPTURE_AUTORELEASING = YES;
				CLANG_WARN_BOOL_CONVERSION = YES;
				CLANG_WARN_COMMA = YES;
				CLANG_WARN_CONSTANT_CONVERSION = YES;
				CLANG_WARN_DEPRECATED_OBJC_IMPLEMENTATIONS = YES;
				CLANG_WARN_DIRECT_OBJC_ISA_USAGE = YES_ERROR;
				CLANG_WARN_DOCUMENTATION_COMMENTS = YES;
				CLANG_WARN_EMPTY_BODY = YES;
				CLANG_WARN_ENUM_CONVERSION = YES;
				CLANG_WARN_INFINITE_RECURSION = YES;
				CLANG_WARN_INT_CONVERSION = YES;
				CLANG_WARN_NON_LITERAL_NULL_CONVERSION = YES;
				CLANG_WARN_OBJC_IMPLICIT_RETAIN_SELF = YES;
				CLANG_WARN_OBJC_LITERAL_CONVERSION = YES;
				CLANG_WARN_OBJC_ROOT_CLASS = YES_ERROR;
				CLANG_WARN_QUOTED_INCLUDE_IN_FRAMEWORK_HEADER = YES;
				CLANG_WARN_RANGE_LOOP_ANALYSIS = YES;
				CLANG_WARN_STRICT_PROTOTYPES = YES;
				CLANG_WARN_SUSPICIOUS_MOVE = YES;
				CLANG_WARN_UNGUARDED_AVAILABILITY = YES_AGGRESSIVE;
				CLANG_WARN_UNREACHABLE_CODE = YES;
				CLANG_WARN__DUPLICATE_METHOD_MATCH = YES;
				COPY_PHASE_STRIP = NO;
				DEBUG_INFORMATION_FORMAT = "dwarf-with-dsym";
				ENABLE_NS_ASSERTIONS = NO;
				ENABLE_STRICT_OBJC_MSGSEND = YES;
				GCC_C_LANGUAGE_STANDARD = gnu11;
				GCC_NO_COMMON_BLOCKS = YES;
				GCC_WARN_64_TO_32_BIT_CONVERSION = YES;
				GCC_WARN_ABOUT_RETURN_TYPE = YES_ERROR;
				GCC_WARN_UNDECLARED_SELECTOR = YES;
				GCC_WARN_UNINITIALIZED_AUTOS = YES_AGGRESSIVE;
				GCC_WARN_UNUSED_FUNCTION = YES;
				GCC_WARN_UNUSED_VARIABLE = YES;
				IPHONEOS_DEPLOYMENT_TARGET = 15.4;
				MTL_ENABLE_DEBUG_INFO = NO;
				MTL_FAST_MATH = YES;
				SDKROOT = iphoneos;
				SWIFT_COMPILATION_MODE = wholemodule;
				SWIFT_OPTIMIZATION_LEVEL = "-O";
				VALIDATE_PRODUCT = YES;
			};
			name = Release;
		};
		E8AA27D9282205760080BB7E /* Debug */ = {
			isa = XCBuildConfiguration;
			baseConfigurationReference = 15DE18D610EC5306A510CBA4 /* Pods-DrawChart.debug.xcconfig */;
			buildSettings = {
				ASSETCATALOG_COMPILER_APPICON_NAME = AppIcon;
				ASSETCATALOG_COMPILER_GLOBAL_ACCENT_COLOR_NAME = AccentColor;
				CODE_SIGN_STYLE = Automatic;
				CURRENT_PROJECT_VERSION = 1;
				DEVELOPMENT_TEAM = GP9D94CZ57;
				GENERATE_INFOPLIST_FILE = YES;
				INFOPLIST_FILE = DrawChart/Info.plist;
				INFOPLIST_KEY_UIApplicationSupportsIndirectInputEvents = YES;
				INFOPLIST_KEY_UILaunchStoryboardName = LaunchScreen;
				INFOPLIST_KEY_UIMainStoryboardFile = Main;
				INFOPLIST_KEY_UISupportedInterfaceOrientations_iPad = "UIInterfaceOrientationPortrait UIInterfaceOrientationPortraitUpsideDown UIInterfaceOrientationLandscapeLeft UIInterfaceOrientationLandscapeRight";
				INFOPLIST_KEY_UISupportedInterfaceOrientations_iPhone = "UIInterfaceOrientationPortrait UIInterfaceOrientationLandscapeLeft UIInterfaceOrientationLandscapeRight";
				LD_RUNPATH_SEARCH_PATHS = (
					"$(inherited)",
					"@executable_path/Frameworks",
				);
				MARKETING_VERSION = 1.0;
				PRODUCT_BUNDLE_IDENTIFIER = com.yeoboya.DrawChart;
				PRODUCT_NAME = "$(TARGET_NAME)";
				SWIFT_EMIT_LOC_STRINGS = YES;
				SWIFT_VERSION = 5.0;
				TARGETED_DEVICE_FAMILY = "1,2";
			};
			name = Debug;
		};
		E8AA27DA282205760080BB7E /* Release */ = {
			isa = XCBuildConfiguration;
			baseConfigurationReference = 91DF236B4C31224EB38CF001 /* Pods-DrawChart.release.xcconfig */;
			buildSettings = {
				ASSETCATALOG_COMPILER_APPICON_NAME = AppIcon;
				ASSETCATALOG_COMPILER_GLOBAL_ACCENT_COLOR_NAME = AccentColor;
				CODE_SIGN_STYLE = Automatic;
				CURRENT_PROJECT_VERSION = 1;
				DEVELOPMENT_TEAM = GP9D94CZ57;
				GENERATE_INFOPLIST_FILE = YES;
				INFOPLIST_FILE = DrawChart/Info.plist;
				INFOPLIST_KEY_UIApplicationSupportsIndirectInputEvents = YES;
				INFOPLIST_KEY_UILaunchStoryboardName = LaunchScreen;
				INFOPLIST_KEY_UIMainStoryboardFile = Main;
				INFOPLIST_KEY_UISupportedInterfaceOrientations_iPad = "UIInterfaceOrientationPortrait UIInterfaceOrientationPortraitUpsideDown UIInterfaceOrientationLandscapeLeft UIInterfaceOrientationLandscapeRight";
				INFOPLIST_KEY_UISupportedInterfaceOrientations_iPhone = "UIInterfaceOrientationPortrait UIInterfaceOrientationLandscapeLeft UIInterfaceOrientationLandscapeRight";
				LD_RUNPATH_SEARCH_PATHS = (
					"$(inherited)",
					"@executable_path/Frameworks",
				);
				MARKETING_VERSION = 1.0;
				PRODUCT_BUNDLE_IDENTIFIER = com.yeoboya.DrawChart;
				PRODUCT_NAME = "$(TARGET_NAME)";
				SWIFT_EMIT_LOC_STRINGS = YES;
				SWIFT_VERSION = 5.0;
				TARGETED_DEVICE_FAMILY = "1,2";
			};
			name = Release;
		};
/* End XCBuildConfiguration section */

/* Begin XCConfigurationList section */
		E8AA27BF282205750080BB7E /* Build configuration list for PBXProject "DrawChart" */ = {
			isa = XCConfigurationList;
			buildConfigurations = (
				E8AA27D6282205760080BB7E /* Debug */,
				E8AA27D7282205760080BB7E /* Release */,
			);
			defaultConfigurationIsVisible = 0;
			defaultConfigurationName = Release;
		};
		E8AA27D8282205760080BB7E /* Build configuration list for PBXNativeTarget "DrawChart" */ = {
			isa = XCConfigurationList;
			buildConfigurations = (
				E8AA27D9282205760080BB7E /* Debug */,
				E8AA27DA282205760080BB7E /* Release */,
			);
			defaultConfigurationIsVisible = 0;
			defaultConfigurationName = Release;
		};
/* End XCConfigurationList section */
	};
	rootObject = E8AA27BC282205750080BB7E /* Project object */;
}
